Microsoft Visual Studio Solution File, Format Version 12.00
# Visual Studio 14
VisualStudioVersion = 14.0.25123.0
MinimumVisualStudioVersion = 10.0.40219.1
Project("{FAE04EC0-301F-11D3-BF4B-00C04F79EFBC}") = "XWeather", "XWeather\XWeather.csproj", "{35B9C6F1-6311-42AC-9DD2-B8377F16EC8B}"
EndProject
Project("{FAE04EC0-301F-11D3-BF4B-00C04F79EFBC}") = "XWeather.iOS", "iOS\XWeather.iOS.csproj", "{3B22D06D-E502-470F-8565-F0D8FC93624D}"
EndProject
Project("{FAE04EC0-301F-11D3-BF4B-00C04F79EFBC}") = "XWeather.Droid", "Droid\XWeather.Droid.csproj", "{F61CFA34-47FF-4168-81FA-B9C3E3C6A2DB}"
EndProject
Project("{D954291E-2A0B-460D-934E-DC6B0785DB48}") = "XWeather.Unified", "Unified\XWeather.Unified.shproj", "{8226D00B-19CF-4B54-945C-B13C1AE855A1}"
EndProject
Project("{FAE04EC0-301F-11D3-BF4B-00C04F79EFBC}") = "XWeather.UITests", "UITests\XWeather.UITests.csproj", "{15ED7D76-DC89-4BE7-AF33-D5224EA24531}"
EndProject
Project("{2150E333-8FDC-42A3-9474-1A3956D46DE8}") = "Tests", "Tests", "{9EA8454D-34BF-4B5B-B807-2B463B26ED5D}"
EndProject
Project("{FAE04EC0-301F-11D3-BF4B-00C04F79EFBC}") = "XWeather.Tests", "Tests\Tests\XWeather.Tests.csproj", "{A6907379-29D8-4E79-BEF2-01A0389BA07A}"
EndProject
Project("{FAE04EC0-301F-11D3-BF4B-00C04F79EFBC}") = "XWeather.Tests.iOS", "Tests\iOS\XWeather.Tests.iOS.csproj", "{F7D0171A-9599-4C9D-9080-0078A757BDCF}"
EndProject
Project("{FAE04EC0-301F-11D3-BF4B-00C04F79EFBC}") = "XWeather.Tests.Droid", "Tests\Droid\XWeather.Tests.Droid.csproj", "{2259D5F5-DA93-42D9-A496-5C25E46D62DD}"
EndProject
Global
	GlobalSection(SharedMSBuildProjectFiles) = preSolution
		Unified\XWeather.Unified.projitems*{8226d00b-19cf-4b54-945c-b13c1ae855a1}*SharedItemsImports = 13
		Unified\XWeather.Unified.projitems*{3b22d06d-e502-470f-8565-f0d8fc93624d}*SharedItemsImports = 4
	EndGlobalSection
	GlobalSection(SolutionConfigurationPlatforms) = preSolution
		Debug|Any CPU = Debug|Any CPU
		Debug|iPhone = Debug|iPhone
		Debug|iPhoneSimulator = Debug|iPhoneSimulator
		Release|Any CPU = Release|Any CPU
		Release|iPhone = Release|iPhone
		Release|iPhoneSimulator = Release|iPhoneSimulator
	EndGlobalSection
	GlobalSection(ProjectConfigurationPlatforms) = postSolution
		{35B9C6F1-6311-42AC-9DD2-B8377F16EC8B}.Debug|Any CPU.ActiveCfg = Debug|Any CPU
		{35B9C6F1-6311-42AC-9DD2-B8377F16EC8B}.Debug|Any CPU.Build.0 = Debug|Any CPU
		{35B9C6F1-6311-42AC-9DD2-B8377F16EC8B}.Debug|iPhone.ActiveCfg = Debug|Any CPU
		{35B9C6F1-6311-42AC-9DD2-B8377F16EC8B}.Debug|iPhone.Build.0 = Debug|Any CPU
		{35B9C6F1-6311-42AC-9DD2-B8377F16EC8B}.Debug|iPhoneSimulator.ActiveCfg = Debug|Any CPU
		{35B9C6F1-6311-42AC-9DD2-B8377F16EC8B}.Debug|iPhoneSimulator.Build.0 = Debug|Any CPU
		{35B9C6F1-6311-42AC-9DD2-B8377F16EC8B}.Release|Any CPU.ActiveCfg = Release|Any CPU
		{35B9C6F1-6311-42AC-9DD2-B8377F16EC8B}.Release|Any CPU.Build.0 = Release|Any CPU
		{35B9C6F1-6311-42AC-9DD2-B8377F16EC8B}.Release|iPhone.ActiveCfg = Release|Any CPU
		{35B9C6F1-6311-42AC-9DD2-B8377F16EC8B}.Release|iPhone.Build.0 = Release|Any CPU
		{35B9C6F1-6311-42AC-9DD2-B8377F16EC8B}.Release|iPhoneSimulator.ActiveCfg = Release|Any CPU
		{35B9C6F1-6311-42AC-9DD2-B8377F16EC8B}.Release|iPhoneSimulator.Build.0 = Release|Any CPU
		{3B22D06D-E502-470F-8565-F0D8FC93624D}.Debug|Any CPU.ActiveCfg = Debug|iPhoneSimulator
		{3B22D06D-E502-470F-8565-F0D8FC93624D}.Debug|Any CPU.Build.0 = Debug|iPhoneSimulator
		{3B22D06D-E502-470F-8565-F0D8FC93624D}.Debug|iPhone.ActiveCfg = Debug|iPhone
		{3B22D06D-E502-470F-8565-F0D8FC93624D}.Debug|iPhone.Build.0 = Debug|iPhone
		{3B22D06D-E502-470F-8565-F0D8FC93624D}.Debug|iPhoneSimulator.ActiveCfg = Debug|iPhoneSimulator
		{3B22D06D-E502-470F-8565-F0D8FC93624D}.Debug|iPhoneSimulator.Build.0 = Debug|iPhoneSimulator
		{3B22D06D-E502-470F-8565-F0D8FC93624D}.Release|Any CPU.ActiveCfg = Release|iPhone
		{3B22D06D-E502-470F-8565-F0D8FC93624D}.Release|Any CPU.Build.0 = Release|iPhone
		{3B22D06D-E502-470F-8565-F0D8FC93624D}.Release|iPhone.ActiveCfg = Release|iPhone
		{3B22D06D-E502-470F-8565-F0D8FC93624D}.Release|iPhone.Build.0 = Release|iPhone
		{3B22D06D-E502-470F-8565-F0D8FC93624D}.Release|iPhoneSimulator.ActiveCfg = Release|iPhoneSimulator
		{3B22D06D-E502-470F-8565-F0D8FC93624D}.Release|iPhoneSimulator.Build.0 = Release|iPhoneSimulator
		{F61CFA34-47FF-4168-81FA-B9C3E3C6A2DB}.Debug|Any CPU.ActiveCfg = Debug|Any CPU
		{F61CFA34-47FF-4168-81FA-B9C3E3C6A2DB}.Debug|Any CPU.Build.0 = Debug|Any CPU
		{F61CFA34-47FF-4168-81FA-B9C3E3C6A2DB}.Debug|iPhone.ActiveCfg = Debug|Any CPU
		{F61CFA34-47FF-4168-81FA-B9C3E3C6A2DB}.Debug|iPhone.Build.0 = Debug|Any CPU
		{F61CFA34-47FF-4168-81FA-B9C3E3C6A2DB}.Debug|iPhoneSimulator.ActiveCfg = Debug|Any CPU
		{F61CFA34-47FF-4168-81FA-B9C3E3C6A2DB}.Debug|iPhoneSimulator.Build.0 = Debug|Any CPU
		{F61CFA34-47FF-4168-81FA-B9C3E3C6A2DB}.Release|Any CPU.ActiveCfg = Release|Any CPU
		{F61CFA34-47FF-4168-81FA-B9C3E3C6A2DB}.Release|Any CPU.Build.0 = Release|Any CPU
		{F61CFA34-47FF-4168-81FA-B9C3E3C6A2DB}.Release|iPhone.ActiveCfg = Release|Any CPU
		{F61CFA34-47FF-4168-81FA-B9C3E3C6A2DB}.Release|iPhone.Build.0 = Release|Any CPU
		{F61CFA34-47FF-4168-81FA-B9C3E3C6A2DB}.Release|iPhoneSimulator.ActiveCfg = Release|Any CPU
		{F61CFA34-47FF-4168-81FA-B9C3E3C6A2DB}.Release|iPhoneSimulator.Build.0 = Release|Any CPU
		{15ED7D76-DC89-4BE7-AF33-D5224EA24531}.Debug|Any CPU.ActiveCfg = Debug|Any CPU
		{15ED7D76-DC89-4BE7-AF33-D5224EA24531}.Debug|Any CPU.Build.0 = Debug|Any CPU
		{15ED7D76-DC89-4BE7-AF33-D5224EA24531}.Debug|iPhone.ActiveCfg = Debug|Any CPU
		{15ED7D76-DC89-4BE7-AF33-D5224EA24531}.Debug|iPhone.Build.0 = Debug|Any CPU
		{15ED7D76-DC89-4BE7-AF33-D5224EA24531}.Debug|iPhoneSimulator.ActiveCfg = Debug|Any CPU
		{15ED7D76-DC89-4BE7-AF33-D5224EA24531}.Debug|iPhoneSimulator.Build.0 = Debug|Any CPU
		{15ED7D76-DC89-4BE7-AF33-D5224EA24531}.Release|Any CPU.ActiveCfg = Release|Any CPU
		{15ED7D76-DC89-4BE7-AF33-D5224EA24531}.Release|Any CPU.Build.0 = Release|Any CPU
		{15ED7D76-DC89-4BE7-AF33-D5224EA24531}.Release|iPhone.ActiveCfg = Release|Any CPU
		{15ED7D76-DC89-4BE7-AF33-D5224EA24531}.Release|iPhone.Build.0 = Release|Any CPU
		{15ED7D76-DC89-4BE7-AF33-D5224EA24531}.Release|iPhoneSimulator.ActiveCfg = Release|Any CPU
		{15ED7D76-DC89-4BE7-AF33-D5224EA24531}.Release|iPhoneSimulator.Build.0 = Release|Any CPU
		{A6907379-29D8-4E79-BEF2-01A0389BA07A}.Debug|Any CPU.ActiveCfg = Debug|Any CPU
		{A6907379-29D8-4E79-BEF2-01A0389BA07A}.Debug|Any CPU.Build.0 = Debug|Any CPU
		{A6907379-29D8-4E79-BEF2-01A0389BA07A}.Debug|iPhone.ActiveCfg = Debug|Any CPU
		{A6907379-29D8-4E79-BEF2-01A0389BA07A}.Debug|iPhone.Build.0 = Debug|Any CPU
		{A6907379-29D8-4E79-BEF2-01A0389BA07A}.Debug|iPhoneSimulator.ActiveCfg = Debug|Any CPU
		{A6907379-29D8-4E79-BEF2-01A0389BA07A}.Debug|iPhoneSimulator.Build.0 = Debug|Any CPU
		{A6907379-29D8-4E79-BEF2-01A0389BA07A}.Release|Any CPU.ActiveCfg = Release|Any CPU
		{A6907379-29D8-4E79-BEF2-01A0389BA07A}.Release|Any CPU.Build.0 = Release|Any CPU
		{A6907379-29D8-4E79-BEF2-01A0389BA07A}.Release|iPhone.ActiveCfg = Release|Any CPU
		{A6907379-29D8-4E79-BEF2-01A0389BA07A}.Release|iPhone.Build.0 = Release|Any CPU
		{A6907379-29D8-4E79-BEF2-01A0389BA07A}.Release|iPhoneSimulator.ActiveCfg = Release|Any CPU
		{A6907379-29D8-4E79-BEF2-01A0389BA07A}.Release|iPhoneSimulator.Build.0 = Release|Any CPU
		{F7D0171A-9599-4C9D-9080-0078A757BDCF}.Debug|Any CPU.ActiveCfg = Debug|iPhoneSimulator
		{F7D0171A-9599-4C9D-9080-0078A757BDCF}.Debug|Any CPU.Build.0 = Debug|iPhoneSimulator
		{F7D0171A-9599-4C9D-9080-0078A757BDCF}.Debug|iPhone.ActiveCfg = Debug|iPhone
		{F7D0171A-9599-4C9D-9080-0078A757BDCF}.Debug|iPhone.Build.0 = Debug|iPhone
		{F7D0171A-9599-4C9D-9080-0078A757BDCF}.Debug|iPhoneSimulator.ActiveCfg = Debug|iPhoneSimulator
		{F7D0171A-9599-4C9D-9080-0078A757BDCF}.Debug|iPhoneSimulator.Build.0 = Debug|iPhoneSimulator
		{F7D0171A-9599-4C9D-9080-0078A757BDCF}.Release|Any CPU.ActiveCfg = Release|iPhone
		{F7D0171A-9599-4C9D-9080-0078A757BDCF}.Release|Any CPU.Build.0 = Release|iPhone
		{F7D0171A-9599-4C9D-9080-0078A757BDCF}.Release|iPhone.ActiveCfg = Release|iPhone
		{F7D0171A-9599-4C9D-9080-0078A757BDCF}.Release|iPhone.Build.0 = Release|iPhone
		{F7D0171A-9599-4C9D-9080-0078A757BDCF}.Release|iPhoneSimulator.ActiveCfg = Release|iPhoneSimulator
		{F7D0171A-9599-4C9D-9080-0078A757BDCF}.Release|iPhoneSimulator.Build.0 = Release|iPhoneSimulator
		{2259D5F5-DA93-42D9-A496-5C25E46D62DD}.Debug|Any CPU.ActiveCfg = Debug|Any CPU
		{2259D5F5-DA93-42D9-A496-5C25E46D62DD}.Debug|Any CPU.Build.0 = Debug|Any CPU
		{2259D5F5-DA93-42D9-A496-5C25E46D62DD}.Debug|iPhone.ActiveCfg = Debug|Any CPU
		{2259D5F5-DA93-42D9-A496-5C25E46D62DD}.Debug|iPhone.Build.0 = Debug|Any CPU
		{2259D5F5-DA93-42D9-A496-5C25E46D62DD}.Debug|iPhoneSimulator.ActiveCfg = Debug|Any CPU
		{2259D5F5-DA93-42D9-A496-5C25E46D62DD}.Debug|iPhoneSimulator.Build.0 = Debug|Any CPU
		{2259D5F5-DA93-42D9-A496-5C25E46D62DD}.Release|Any CPU.ActiveCfg = Release|Any CPU
		{2259D5F5-DA93-42D9-A496-5C25E46D62DD}.Release|Any CPU.Build.0 = Release|Any CPU
		{2259D5F5-DA93-42D9-A496-5C25E46D62DD}.Release|iPhone.ActiveCfg = Release|Any CPU
		{2259D5F5-DA93-42D9-A496-5C25E46D62DD}.Release|iPhone.Build.0 = Release|Any CPU
		{2259D5F5-DA93-42D9-A496-5C25E46D62DD}.Release|iPhoneSimulator.ActiveCfg = Release|Any CPU
		{2259D5F5-DA93-42D9-A496-5C25E46D62DD}.Release|iPhoneSimulator.Build.0 = Release|Any CPU
	EndGlobalSection
	GlobalSection(SolutionProperties) = preSolution
		HideSolutionNode = FALSE
	EndGlobalSection
	GlobalSection(NestedProjects) = preSolution
		{15ED7D76-DC89-4BE7-AF33-D5224EA24531} = {9EA8454D-34BF-4B5B-B807-2B463B26ED5D}
		{A6907379-29D8-4E79-BEF2-01A0389BA07A} = {9EA8454D-34BF-4B5B-B807-2B463B26ED5D}
		{F7D0171A-9599-4C9D-9080-0078A757BDCF} = {9EA8454D-34BF-4B5B-B807-2B463B26ED5D}
		{2259D5F5-DA93-42D9-A496-5C25E46D62DD} = {9EA8454D-34BF-4B5B-B807-2B463B26ED5D}
	EndGlobalSection
EndGlobal
