// !$*UTF8*$!
{
	archiveVersion = 1;
	classes = {
	};
	objectVersion = 48;
	objects = {

/* Begin PBXBuildFile section */
		B5556AD31EEE1E6B00C8D49D /* WuLocation.swift in Sources */ = {isa = PBXBuildFile; fileRef = B5556AD21EEE1E6B00C8D49D /* WuLocation.swift */; };
		B5556AD51EEE1E8B00C8D49D /* WuAcResults.swift in Sources */ = {isa = PBXBuildFile; fileRef = B5556AD41EEE1E8B00C8D49D /* WuAcResults.swift */; };
		B5556AD71EEE1E9800C8D49D /* WuAcLocation.swift in Sources */ = {isa = PBXBuildFile; fileRef = B5556AD61EEE1E9800C8D49D /* WuAcLocation.swift */; };
		B5556AD91EEE1EBF00C8D49D /* WuObject.swift in Sources */ = {isa = PBXBuildFile; fileRef = B5556AD81EEE1EBF00C8D49D /* WuObject.swift */; };
		B5556ADB1EEE1ECC00C8D49D /* WuWeather.swift in Sources */ = {isa = PBXBuildFile; fileRef = B5556ADA1EEE1ECC00C8D49D /* WuWeather.swift */; };
		B5556ADD1EEE1EF600C8D49D /* Astronomy.swift in Sources */ = {isa = PBXBuildFile; fileRef = B5556ADC1EEE1EF600C8D49D /* Astronomy.swift */; };
		B5556ADF1EEE1F0200C8D49D /* Conditions.swift in Sources */ = {isa = PBXBuildFile; fileRef = B5556ADE1EEE1F0200C8D49D /* Conditions.swift */; };
		B5556AE11EEE1F1600C8D49D /* Forecast.swift in Sources */ = {isa = PBXBuildFile; fileRef = B5556AE01EEE1F1600C8D49D /* Forecast.swift */; };
		B5556AE31EEE1F2300C8D49D /* GeoLookup.swift in Sources */ = {isa = PBXBuildFile; fileRef = B5556AE21EEE1F2300C8D49D /* GeoLookup.swift */; };
		B5556AE51EEE1F3100C8D49D /* Hourly.swift in Sources */ = {isa = PBXBuildFile; fileRef = B5556AE41EEE1F3100C8D49D /* Hourly.swift */; };
		B5556AE71EEE1F3E00C8D49D /* RadarBounds.swift in Sources */ = {isa = PBXBuildFile; fileRef = B5556AE61EEE1F3E00C8D49D /* RadarBounds.swift */; };
		B5556AE91EEE1F4B00C8D49D /* Satellite.swift in Sources */ = {isa = PBXBuildFile; fileRef = B5556AE81EEE1F4B00C8D49D /* Satellite.swift */; };
		B5556AEC1EEE27DF00C8D49D /* NumberExtensions.swift in Sources */ = {isa = PBXBuildFile; fileRef = B5556AEB1EEE27DF00C8D49D /* NumberExtensions.swift */; };
		B5556AEF1EEE3A2000C8D49D /* WuClient.swift in Sources */ = {isa = PBXBuildFile; fileRef = B5556AEE1EEE3A2000C8D49D /* WuClient.swift */; };
		B5556AF11EEE425000C8D49D /* ColorExtensions.swift in Sources */ = {isa = PBXBuildFile; fileRef = B5556AF01EEE425000C8D49D /* ColorExtensions.swift */; };
		B5556AF31EEE44FC00C8D49D /* DateExtensions.swift in Sources */ = {isa = PBXBuildFile; fileRef = B5556AF21EEE44FC00C8D49D /* DateExtensions.swift */; };
		B57331371EEDBDDC0091CAB8 /* AppDelegate.swift in Sources */ = {isa = PBXBuildFile; fileRef = B57331361EEDBDDC0091CAB8 /* AppDelegate.swift */; };
		B573313C1EEDBDDC0091CAB8 /* Main.storyboard in Resources */ = {isa = PBXBuildFile; fileRef = B573313A1EEDBDDC0091CAB8 /* Main.storyboard */; };
		B573313E1EEDBDDC0091CAB8 /* Assets.xcassets in Resources */ = {isa = PBXBuildFile; fileRef = B573313D1EEDBDDC0091CAB8 /* Assets.xcassets */; };
		B57331411EEDBDDC0091CAB8 /* LaunchScreen.storyboard in Resources */ = {isa = PBXBuildFile; fileRef = B573313F1EEDBDDC0091CAB8 /* LaunchScreen.storyboard */; };
		B5B7C40F1EEDC4A700AFC29B /* Settings.swift in Sources */ = {isa = PBXBuildFile; fileRef = B5B7C40E1EEDC4A700AFC29B /* Settings.swift */; };
		B5B7C4111EEDC69000AFC29B /* Settings.bundle in Resources */ = {isa = PBXBuildFile; fileRef = B5B7C4101EEDC69000AFC29B /* Settings.bundle */; };
		B5B7C4131EEDD41C00AFC29B /* SettingsKeys.swift in Sources */ = {isa = PBXBuildFile; fileRef = B5B7C4121EEDD41C00AFC29B /* SettingsKeys.swift */; };
		B5B7C4161EEDDC1500AFC29B /* UnitsOfMeasurement.swift in Sources */ = {isa = PBXBuildFile; fileRef = B5B7C4151EEDDC1500AFC29B /* UnitsOfMeasurement.swift */; };
		B5B7C41B1EEDE09600AFC29B /* WeatherNc.swift in Sources */ = {isa = PBXBuildFile; fileRef = B5B7C41A1EEDE09600AFC29B /* WeatherNc.swift */; };
		B5B7C41D1EEDE0BD00AFC29B /* WeatherPvc.swift in Sources */ = {isa = PBXBuildFile; fileRef = B5B7C41C1EEDE0BD00AFC29B /* WeatherPvc.swift */; };
		B5B7C41F1EEDE0D800AFC29B /* RadarMapVc.swift in Sources */ = {isa = PBXBuildFile; fileRef = B5B7C41E1EEDE0D800AFC29B /* RadarMapVc.swift */; };
		B5B7C4221EEDE10400AFC29B /* DailyTvc.swift in Sources */ = {isa = PBXBuildFile; fileRef = B5B7C4211EEDE10400AFC29B /* DailyTvc.swift */; };
		B5B7C4241EEDE11500AFC29B /* DetailsTvc.swift in Sources */ = {isa = PBXBuildFile; fileRef = B5B7C4231EEDE11500AFC29B /* DetailsTvc.swift */; };
		B5B7C4261EEDE13100AFC29B /* HourlyTvc.swift in Sources */ = {isa = PBXBuildFile; fileRef = B5B7C4251EEDE13100AFC29B /* HourlyTvc.swift */; };
		B5B7C4281EEDE14800AFC29B /* LocationSearchTvc.swift in Sources */ = {isa = PBXBuildFile; fileRef = B5B7C4271EEDE14800AFC29B /* LocationSearchTvc.swift */; };
		B5B7C42A1EEDE15600AFC29B /* LocationTvc.swift in Sources */ = {isa = PBXBuildFile; fileRef = B5B7C4291EEDE15600AFC29B /* LocationTvc.swift */; };
		B5B7C42D1EEDE17900AFC29B /* BaseTvc.swift in Sources */ = {isa = PBXBuildFile; fileRef = B5B7C42C1EEDE17900AFC29B /* BaseTvc.swift */; };
		B5B7C42F1EEDE19800AFC29B /* BaseTvCell.swift in Sources */ = {isa = PBXBuildFile; fileRef = B5B7C42E1EEDE19800AFC29B /* BaseTvCell.swift */; };
		B5B7C4311EEDE1A900AFC29B /* DailyTvCell.swift in Sources */ = {isa = PBXBuildFile; fileRef = B5B7C4301EEDE1A900AFC29B /* DailyTvCell.swift */; };
		B5B7C4331EEDE1B800AFC29B /* DetailsTvCell.swift in Sources */ = {isa = PBXBuildFile; fileRef = B5B7C4321EEDE1B800AFC29B /* DetailsTvCell.swift */; };
		B5B7C4351EEDE1C800AFC29B /* HourlyTvCell.swift in Sources */ = {isa = PBXBuildFile; fileRef = B5B7C4341EEDE1C800AFC29B /* HourlyTvCell.swift */; };
		B5B7C4371EEDE1D800AFC29B /* LocationSearchTvCell.swift in Sources */ = {isa = PBXBuildFile; fileRef = B5B7C4361EEDE1D800AFC29B /* LocationSearchTvCell.swift */; };
		B5B7C4391EEDE1E700AFC29B /* LocationTvCell.swift in Sources */ = {isa = PBXBuildFile; fileRef = B5B7C4381EEDE1E700AFC29B /* LocationTvCell.swift */; };
		B5B7C43C1EEDE21400AFC29B /* DailyTvHeader.swift in Sources */ = {isa = PBXBuildFile; fileRef = B5B7C43B1EEDE21400AFC29B /* DailyTvHeader.swift */; };
		B5B7C43E1EEDE22400AFC29B /* DetailsTvHeader.swift in Sources */ = {isa = PBXBuildFile; fileRef = B5B7C43D1EEDE22400AFC29B /* DetailsTvHeader.swift */; };
		B5B7C4401EEDE23100AFC29B /* HourlyTvHeader.swift in Sources */ = {isa = PBXBuildFile; fileRef = B5B7C43F1EEDE23100AFC29B /* HourlyTvHeader.swift */; };
		B5B7C4421EEDE25300AFC29B /* DailyGraphView.swift in Sources */ = {isa = PBXBuildFile; fileRef = B5B7C4411EEDE25300AFC29B /* DailyGraphView.swift */; };
/* End PBXBuildFile section */

/* Begin PBXFileReference section */
		B5556AD21EEE1E6B00C8D49D /* WuLocation.swift */ = {isa = PBXFileReference; lastKnownFileType = sourcecode.swift; path = WuLocation.swift; sourceTree = "<group>"; };
		B5556AD41EEE1E8B00C8D49D /* WuAcResults.swift */ = {isa = PBXFileReference; lastKnownFileType = sourcecode.swift; path = WuAcResults.swift; sourceTree = "<group>"; };
		B5556AD61EEE1E9800C8D49D /* WuAcLocation.swift */ = {isa = PBXFileReference; lastKnownFileType = sourcecode.swift; path = WuAcLocation.swift; sourceTree = "<group>"; };
		B5556AD81EEE1EBF00C8D49D /* WuObject.swift */ = {isa = PBXFileReference; lastKnownFileType = sourcecode.swift; path = WuObject.swift; sourceTree = "<group>"; };
		B5556ADA1EEE1ECC00C8D49D /* WuWeather.swift */ = {isa = PBXFileReference; lastKnownFileType = sourcecode.swift; path = WuWeather.swift; sourceTree = "<group>"; };
		B5556ADC1EEE1EF600C8D49D /* Astronomy.swift */ = {isa = PBXFileReference; lastKnownFileType = sourcecode.swift; path = Astronomy.swift; sourceTree = "<group>"; };
		B5556ADE1EEE1F0200C8D49D /* Conditions.swift */ = {isa = PBXFileReference; lastKnownFileType = sourcecode.swift; path = Conditions.swift; sourceTree = "<group>"; };
		B5556AE01EEE1F1600C8D49D /* Forecast.swift */ = {isa = PBXFileReference; lastKnownFileType = sourcecode.swift; path = Forecast.swift; sourceTree = "<group>"; };
		B5556AE21EEE1F2300C8D49D /* GeoLookup.swift */ = {isa = PBXFileReference; lastKnownFileType = sourcecode.swift; path = GeoLookup.swift; sourceTree = "<group>"; };
		B5556AE41EEE1F3100C8D49D /* Hourly.swift */ = {isa = PBXFileReference; lastKnownFileType = sourcecode.swift; path = Hourly.swift; sourceTree = "<group>"; };
		B5556AE61EEE1F3E00C8D49D /* RadarBounds.swift */ = {isa = PBXFileReference; lastKnownFileType = sourcecode.swift; path = RadarBounds.swift; sourceTree = "<group>"; };
		B5556AE81EEE1F4B00C8D49D /* Satellite.swift */ = {isa = PBXFileReference; lastKnownFileType = sourcecode.swift; path = Satellite.swift; sourceTree = "<group>"; };
		B5556AEB1EEE27DF00C8D49D /* NumberExtensions.swift */ = {isa = PBXFileReference; lastKnownFileType = sourcecode.swift; path = NumberExtensions.swift; sourceTree = "<group>"; };
		B5556AEE1EEE3A2000C8D49D /* WuClient.swift */ = {isa = PBXFileReference; lastKnownFileType = sourcecode.swift; path = WuClient.swift; sourceTree = "<group>"; };
		B5556AF01EEE425000C8D49D /* ColorExtensions.swift */ = {isa = PBXFileReference; lastKnownFileType = sourcecode.swift; path = ColorExtensions.swift; sourceTree = "<group>"; };
		B5556AF21EEE44FC00C8D49D /* DateExtensions.swift */ = {isa = PBXFileReference; lastKnownFileType = sourcecode.swift; path = DateExtensions.swift; sourceTree = "<group>"; };
		B57331331EEDBDDC0091CAB8 /* XWeather.app */ = {isa = PBXFileReference; explicitFileType = wrapper.application; includeInIndex = 0; path = XWeather.app; sourceTree = BUILT_PRODUCTS_DIR; };
		B57331361EEDBDDC0091CAB8 /* AppDelegate.swift */ = {isa = PBXFileReference; lastKnownFileType = sourcecode.swift; path = AppDelegate.swift; sourceTree = "<group>"; };
		B573313B1EEDBDDC0091CAB8 /* Base */ = {isa = PBXFileReference; lastKnownFileType = file.storyboard; name = Base; path = Base.lproj/Main.storyboard; sourceTree = "<group>"; };
		B573313D1EEDBDDC0091CAB8 /* Assets.xcassets */ = {isa = PBXFileReference; lastKnownFileType = folder.assetcatalog; path = Assets.xcassets; sourceTree = "<group>"; };
		B57331401EEDBDDC0091CAB8 /* Base */ = {isa = PBXFileReference; lastKnownFileType = file.storyboard; name = Base; path = Base.lproj/LaunchScreen.storyboard; sourceTree = "<group>"; };
		B57331421EEDBDDC0091CAB8 /* Info.plist */ = {isa = PBXFileReference; lastKnownFileType = text.plist.xml; path = Info.plist; sourceTree = "<group>"; };
		B5B7C40E1EEDC4A700AFC29B /* Settings.swift */ = {isa = PBXFileReference; lastKnownFileType = sourcecode.swift; path = Settings.swift; sourceTree = "<group>"; };
		B5B7C4101EEDC69000AFC29B /* Settings.bundle */ = {isa = PBXFileReference; lastKnownFileType = "wrapper.plug-in"; path = Settings.bundle; sourceTree = "<group>"; };
		B5B7C4121EEDD41C00AFC29B /* SettingsKeys.swift */ = {isa = PBXFileReference; lastKnownFileType = sourcecode.swift; path = SettingsKeys.swift; sourceTree = "<group>"; };
		B5B7C4151EEDDC1500AFC29B /* UnitsOfMeasurement.swift */ = {isa = PBXFileReference; lastKnownFileType = sourcecode.swift; path = UnitsOfMeasurement.swift; sourceTree = "<group>"; };
		B5B7C41A1EEDE09600AFC29B /* WeatherNc.swift */ = {isa = PBXFileReference; lastKnownFileType = sourcecode.swift; path = WeatherNc.swift; sourceTree = "<group>"; };
		B5B7C41C1EEDE0BD00AFC29B /* WeatherPvc.swift */ = {isa = PBXFileReference; lastKnownFileType = sourcecode.swift; path = WeatherPvc.swift; sourceTree = "<group>"; };
		B5B7C41E1EEDE0D800AFC29B /* RadarMapVc.swift */ = {isa = PBXFileReference; lastKnownFileType = sourcecode.swift; path = RadarMapVc.swift; sourceTree = "<group>"; };
		B5B7C4211EEDE10400AFC29B /* DailyTvc.swift */ = {isa = PBXFileReference; lastKnownFileType = sourcecode.swift; path = DailyTvc.swift; sourceTree = "<group>"; };
		B5B7C4231EEDE11500AFC29B /* DetailsTvc.swift */ = {isa = PBXFileReference; lastKnownFileType = sourcecode.swift; path = DetailsTvc.swift; sourceTree = "<group>"; };
		B5B7C4251EEDE13100AFC29B /* HourlyTvc.swift */ = {isa = PBXFileReference; lastKnownFileType = sourcecode.swift; path = HourlyTvc.swift; sourceTree = "<group>"; };
		B5B7C4271EEDE14800AFC29B /* LocationSearchTvc.swift */ = {isa = PBXFileReference; lastKnownFileType = sourcecode.swift; path = LocationSearchTvc.swift; sourceTree = "<group>"; };
		B5B7C4291EEDE15600AFC29B /* LocationTvc.swift */ = {isa = PBXFileReference; lastKnownFileType = sourcecode.swift; path = LocationTvc.swift; sourceTree = "<group>"; };
		B5B7C42C1EEDE17900AFC29B /* BaseTvc.swift */ = {isa = PBXFileReference; lastKnownFileType = sourcecode.swift; path = BaseTvc.swift; sourceTree = "<group>"; };
		B5B7C42E1EEDE19800AFC29B /* BaseTvCell.swift */ = {isa = PBXFileReference; lastKnownFileType = sourcecode.swift; path = BaseTvCell.swift; sourceTree = "<group>"; };
		B5B7C4301EEDE1A900AFC29B /* DailyTvCell.swift */ = {isa = PBXFileReference; lastKnownFileType = sourcecode.swift; path = DailyTvCell.swift; sourceTree = "<group>"; };
		B5B7C4321EEDE1B800AFC29B /* DetailsTvCell.swift */ = {isa = PBXFileReference; lastKnownFileType = sourcecode.swift; path = DetailsTvCell.swift; sourceTree = "<group>"; };
		B5B7C4341EEDE1C800AFC29B /* HourlyTvCell.swift */ = {isa = PBXFileReference; lastKnownFileType = sourcecode.swift; path = HourlyTvCell.swift; sourceTree = "<group>"; };
		B5B7C4361EEDE1D800AFC29B /* LocationSearchTvCell.swift */ = {isa = PBXFileReference; lastKnownFileType = sourcecode.swift; path = LocationSearchTvCell.swift; sourceTree = "<group>"; };
		B5B7C4381EEDE1E700AFC29B /* LocationTvCell.swift */ = {isa = PBXFileReference; lastKnownFileType = sourcecode.swift; path = LocationTvCell.swift; sourceTree = "<group>"; };
		B5B7C43B1EEDE21400AFC29B /* DailyTvHeader.swift */ = {isa = PBXFileReference; lastKnownFileType = sourcecode.swift; path = DailyTvHeader.swift; sourceTree = "<group>"; };
		B5B7C43D1EEDE22400AFC29B /* DetailsTvHeader.swift */ = {isa = PBXFileReference; lastKnownFileType = sourcecode.swift; path = DetailsTvHeader.swift; sourceTree = "<group>"; };
		B5B7C43F1EEDE23100AFC29B /* HourlyTvHeader.swift */ = {isa = PBXFileReference; lastKnownFileType = sourcecode.swift; path = HourlyTvHeader.swift; sourceTree = "<group>"; };
		B5B7C4411EEDE25300AFC29B /* DailyGraphView.swift */ = {isa = PBXFileReference; lastKnownFileType = sourcecode.swift; path = DailyGraphView.swift; sourceTree = "<group>"; };
/* End PBXFileReference section */

/* Begin PBXFrameworksBuildPhase section */
		B57331301EEDBDDC0091CAB8 /* Frameworks */ = {
			isa = PBXFrameworksBuildPhase;
			buildActionMask = 2147483647;
			files = (
			);
			runOnlyForDeploymentPostprocessing = 0;
		};
/* End PBXFrameworksBuildPhase section */

/* Begin PBXGroup section */
		B5556AD11EEE1E1800C8D49D /* Domain */ = {
			isa = PBXGroup;
			children = (
				B5556AD21EEE1E6B00C8D49D /* WuLocation.swift */,
				B5556AD41EEE1E8B00C8D49D /* WuAcResults.swift */,
				B5556AD61EEE1E9800C8D49D /* WuAcLocation.swift */,
				B5556AD81EEE1EBF00C8D49D /* WuObject.swift */,
				B5556ADA1EEE1ECC00C8D49D /* WuWeather.swift */,
				B5556ADC1EEE1EF600C8D49D /* Astronomy.swift */,
				B5556ADE1EEE1F0200C8D49D /* Conditions.swift */,
				B5556AE01EEE1F1600C8D49D /* Forecast.swift */,
				B5556AE21EEE1F2300C8D49D /* GeoLookup.swift */,
				B5556AE41EEE1F3100C8D49D /* Hourly.swift */,
				B5556AE61EEE1F3E00C8D49D /* RadarBounds.swift */,
				B5556AE81EEE1F4B00C8D49D /* Satellite.swift */,
			);
			path = Domain;
			sourceTree = "<group>";
		};
		B5556AEA1EEE27C400C8D49D /* Extensions */ = {
			isa = PBXGroup;
			children = (
				B5556AEB1EEE27DF00C8D49D /* NumberExtensions.swift */,
				B5556AF01EEE425000C8D49D /* ColorExtensions.swift */,
				B5556AF21EEE44FC00C8D49D /* DateExtensions.swift */,
			);
			path = Extensions;
			sourceTree = "<group>";
		};
		B5556AED1EEE3A0200C8D49D /* Clients */ = {
			isa = PBXGroup;
			children = (
				B5556AEE1EEE3A2000C8D49D /* WuClient.swift */,
			);
			path = Clients;
			sourceTree = "<group>";
		};
		B573312A1EEDBDDC0091CAB8 = {
			isa = PBXGroup;
			children = (
				B57331351EEDBDDC0091CAB8 /* XWeather */,
				B57331341EEDBDDC0091CAB8 /* Products */,
			);
			sourceTree = "<group>";
		};
		B57331341EEDBDDC0091CAB8 /* Products */ = {
			isa = PBXGroup;
			children = (
				B57331331EEDBDDC0091CAB8 /* XWeather.app */,
			);
			name = Products;
			sourceTree = "<group>";
		};
		B57331351EEDBDDC0091CAB8 /* XWeather */ = {
			isa = PBXGroup;
			children = (
				B5556AED1EEE3A0200C8D49D /* Clients */,
				B5556AEA1EEE27C400C8D49D /* Extensions */,
				B5556AD11EEE1E1800C8D49D /* Domain */,
				B57331361EEDBDDC0091CAB8 /* AppDelegate.swift */,
				B573313D1EEDBDDC0091CAB8 /* Assets.xcassets */,
				B5B7C4141EEDDBF800AFC29B /* Constants */,
				B57331421EEDBDDC0091CAB8 /* Info.plist */,
				B573313F1EEDBDDC0091CAB8 /* LaunchScreen.storyboard */,
				B573313A1EEDBDDC0091CAB8 /* Main.storyboard */,
				B5B7C40D1EEDC49800AFC29B /* Settings */,
				B5B7C4101EEDC69000AFC29B /* Settings.bundle */,
				B5B7C4191EEDE05800AFC29B /* ViewControllers */,
			);
			path = XWeather;
			sourceTree = "<group>";
		};
		B5B7C40D1EEDC49800AFC29B /* Settings */ = {
			isa = PBXGroup;
			children = (
				B5B7C40E1EEDC4A700AFC29B /* Settings.swift */,
				B5B7C4121EEDD41C00AFC29B /* SettingsKeys.swift */,
			);
			path = Settings;
			sourceTree = "<group>";
		};
		B5B7C4141EEDDBF800AFC29B /* Constants */ = {
			isa = PBXGroup;
			children = (
				B5B7C4151EEDDC1500AFC29B /* UnitsOfMeasurement.swift */,
			);
			path = Constants;
			sourceTree = "<group>";
		};
		B5B7C4191EEDE05800AFC29B /* ViewControllers */ = {
			isa = PBXGroup;
			children = (
				B5B7C4201EEDE0E200AFC29B /* TableViewControllers */,
				B5B7C41A1EEDE09600AFC29B /* WeatherNc.swift */,
				B5B7C41C1EEDE0BD00AFC29B /* WeatherPvc.swift */,
				B5B7C41E1EEDE0D800AFC29B /* RadarMapVc.swift */,
				B5B7C4411EEDE25300AFC29B /* DailyGraphView.swift */,
			);
			path = ViewControllers;
			sourceTree = "<group>";
		};
		B5B7C4201EEDE0E200AFC29B /* TableViewControllers */ = {
			isa = PBXGroup;
			children = (
				B5B7C43A1EEDE1F000AFC29B /* TableViewHeaders */,
				B5B7C42B1EEDE16000AFC29B /* TableViewCells */,
				B5B7C4211EEDE10400AFC29B /* DailyTvc.swift */,
				B5B7C4231EEDE11500AFC29B /* DetailsTvc.swift */,
				B5B7C4251EEDE13100AFC29B /* HourlyTvc.swift */,
				B5B7C4271EEDE14800AFC29B /* LocationSearchTvc.swift */,
				B5B7C4291EEDE15600AFC29B /* LocationTvc.swift */,
				B5B7C42C1EEDE17900AFC29B /* BaseTvc.swift */,
			);
			path = TableViewControllers;
			sourceTree = "<group>";
		};
		B5B7C42B1EEDE16000AFC29B /* TableViewCells */ = {
			isa = PBXGroup;
			children = (
				B5B7C42E1EEDE19800AFC29B /* BaseTvCell.swift */,
				B5B7C4301EEDE1A900AFC29B /* DailyTvCell.swift */,
				B5B7C4321EEDE1B800AFC29B /* DetailsTvCell.swift */,
				B5B7C4341EEDE1C800AFC29B /* HourlyTvCell.swift */,
				B5B7C4361EEDE1D800AFC29B /* LocationSearchTvCell.swift */,
				B5B7C4381EEDE1E700AFC29B /* LocationTvCell.swift */,
			);
			path = TableViewCells;
			sourceTree = "<group>";
		};
		B5B7C43A1EEDE1F000AFC29B /* TableViewHeaders */ = {
			isa = PBXGroup;
			children = (
				B5B7C43B1EEDE21400AFC29B /* DailyTvHeader.swift */,
				B5B7C43D1EEDE22400AFC29B /* DetailsTvHeader.swift */,
				B5B7C43F1EEDE23100AFC29B /* HourlyTvHeader.swift */,
			);
			path = TableViewHeaders;
			sourceTree = "<group>";
		};
/* End PBXGroup section */

/* Begin PBXNativeTarget section */
		B57331321EEDBDDC0091CAB8 /* XWeather */ = {
			isa = PBXNativeTarget;
			buildConfigurationList = B57331451EEDBDDC0091CAB8 /* Build configuration list for PBXNativeTarget "XWeather" */;
			buildPhases = (
				B573312F1EEDBDDC0091CAB8 /* Sources */,
				B57331301EEDBDDC0091CAB8 /* Frameworks */,
				B57331311EEDBDDC0091CAB8 /* Resources */,
			);
			buildRules = (
			);
			dependencies = (
			);
			name = XWeather;
			productName = XWeather;
			productReference = B57331331EEDBDDC0091CAB8 /* XWeather.app */;
			productType = "com.apple.product-type.application";
		};
/* End PBXNativeTarget section */

/* Begin PBXProject section */
		B573312B1EEDBDDC0091CAB8 /* Project object */ = {
			isa = PBXProject;
			attributes = {
				LastSwiftUpdateCheck = 0900;
				LastUpgradeCheck = 0900;
				ORGANIZATIONNAME = "Colby Williams";
				TargetAttributes = {
					B57331321EEDBDDC0091CAB8 = {
						CreatedOnToolsVersion = 9.0;
					};
				};
			};
			buildConfigurationList = B573312E1EEDBDDC0091CAB8 /* Build configuration list for PBXProject "XWeather" */;
			compatibilityVersion = "Xcode 8.0";
			developmentRegion = en;
			hasScannedForEncodings = 0;
			knownRegions = (
				en,
				Base,
			);
			mainGroup = B573312A1EEDBDDC0091CAB8;
			productRefGroup = B57331341EEDBDDC0091CAB8 /* Products */;
			projectDirPath = "";
			projectRoot = "";
			targets = (
				B57331321EEDBDDC0091CAB8 /* XWeather */,
			);
		};
/* End PBXProject section */

/* Begin PBXResourcesBuildPhase section */
		B57331311EEDBDDC0091CAB8 /* Resources */ = {
			isa = PBXResourcesBuildPhase;
			buildActionMask = 2147483647;
			files = (
				B5B7C4111EEDC69000AFC29B /* Settings.bundle in Resources */,
				B57331411EEDBDDC0091CAB8 /* LaunchScreen.storyboard in Resources */,
				B573313E1EEDBDDC0091CAB8 /* Assets.xcassets in Resources */,
				B573313C1EEDBDDC0091CAB8 /* Main.storyboard in Resources */,
			);
			runOnlyForDeploymentPostprocessing = 0;
		};
/* End PBXResourcesBuildPhase section */

/* Begin PBXSourcesBuildPhase section */
		B573312F1EEDBDDC0091CAB8 /* Sources */ = {
			isa = PBXSourcesBuildPhase;
			buildActionMask = 2147483647;
			files = (
				B5556AE51EEE1F3100C8D49D /* Hourly.swift in Sources */,
				B5556AD51EEE1E8B00C8D49D /* WuAcResults.swift in Sources */,
				B5B7C42D1EEDE17900AFC29B /* BaseTvc.swift in Sources */,
				B5B7C4241EEDE11500AFC29B /* DetailsTvc.swift in Sources */,
				B5B7C4391EEDE1E700AFC29B /* LocationTvCell.swift in Sources */,
				B5556AE71EEE1F3E00C8D49D /* RadarBounds.swift in Sources */,
				B5556AE91EEE1F4B00C8D49D /* Satellite.swift in Sources */,
				B5B7C40F1EEDC4A700AFC29B /* Settings.swift in Sources */,
				B5B7C4331EEDE1B800AFC29B /* DetailsTvCell.swift in Sources */,
				B5556ADD1EEE1EF600C8D49D /* Astronomy.swift in Sources */,
				B5556AEC1EEE27DF00C8D49D /* NumberExtensions.swift in Sources */,
				B5556AD71EEE1E9800C8D49D /* WuAcLocation.swift in Sources */,
				B5B7C4261EEDE13100AFC29B /* HourlyTvc.swift in Sources */,
				B5B7C41B1EEDE09600AFC29B /* WeatherNc.swift in Sources */,
				B5B7C43E1EEDE22400AFC29B /* DetailsTvHeader.swift in Sources */,
				B5556ADB1EEE1ECC00C8D49D /* WuWeather.swift in Sources */,
				B5556AD31EEE1E6B00C8D49D /* WuLocation.swift in Sources */,
				B5B7C4351EEDE1C800AFC29B /* HourlyTvCell.swift in Sources */,
				B5556AEF1EEE3A2000C8D49D /* WuClient.swift in Sources */,
				B5556AF11EEE425000C8D49D /* ColorExtensions.swift in Sources */,
				B5B7C42A1EEDE15600AFC29B /* LocationTvc.swift in Sources */,
				B5B7C42F1EEDE19800AFC29B /* BaseTvCell.swift in Sources */,
				B5556AD91EEE1EBF00C8D49D /* WuObject.swift in Sources */,
				B5556ADF1EEE1F0200C8D49D /* Conditions.swift in Sources */,
				B5B7C4161EEDDC1500AFC29B /* UnitsOfMeasurement.swift in Sources */,
				B5B7C4371EEDE1D800AFC29B /* LocationSearchTvCell.swift in Sources */,
				B5B7C4311EEDE1A900AFC29B /* DailyTvCell.swift in Sources */,
				B5B7C4401EEDE23100AFC29B /* HourlyTvHeader.swift in Sources */,
				B5B7C4281EEDE14800AFC29B /* LocationSearchTvc.swift in Sources */,
				B5B7C41F1EEDE0D800AFC29B /* RadarMapVc.swift in Sources */,
				B5B7C43C1EEDE21400AFC29B /* DailyTvHeader.swift in Sources */,
				B5B7C4221EEDE10400AFC29B /* DailyTvc.swift in Sources */,
				B5B7C41D1EEDE0BD00AFC29B /* WeatherPvc.swift in Sources */,
				B5B7C4131EEDD41C00AFC29B /* SettingsKeys.swift in Sources */,
				B5556AE11EEE1F1600C8D49D /* Forecast.swift in Sources */,
				B57331371EEDBDDC0091CAB8 /* AppDelegate.swift in Sources */,
				B5B7C4421EEDE25300AFC29B /* DailyGraphView.swift in Sources */,
				B5556AE31EEE1F2300C8D49D /* GeoLookup.swift in Sources */,
				B5556AF31EEE44FC00C8D49D /* DateExtensions.swift in Sources */,
			);
			runOnlyForDeploymentPostprocessing = 0;
		};
/* End PBXSourcesBuildPhase section */

/* Begin PBXVariantGroup section */
		B573313A1EEDBDDC0091CAB8 /* Main.storyboard */ = {
			isa = PBXVariantGroup;
			children = (
				B573313B1EEDBDDC0091CAB8 /* Base */,
			);
			name = Main.storyboard;
			sourceTree = "<group>";
		};
		B573313F1EEDBDDC0091CAB8 /* LaunchScreen.storyboard */ = {
			isa = PBXVariantGroup;
			children = (
				B57331401EEDBDDC0091CAB8 /* Base */,
			);
			name = LaunchScreen.storyboard;
			sourceTree = "<group>";
		};
/* End PBXVariantGroup section */

/* Begin XCBuildConfiguration section */
		B57331431EEDBDDC0091CAB8 /* Debug */ = {
			isa = XCBuildConfiguration;
			buildSettings = {
				ALWAYS_SEARCH_USER_PATHS = NO;
				CLANG_ANALYZER_NONNULL = YES;
				CLANG_ANALYZER_NUMBER_OBJECT_CONVERSION = YES_AGGRESSIVE;
				CLANG_CXX_LANGUAGE_STANDARD = "gnu++14";
				CLANG_CXX_LIBRARY = "libc++";
				CLANG_ENABLE_MODULES = YES;
				CLANG_ENABLE_OBJC_ARC = YES;
				CLANG_WARN_BLOCK_CAPTURE_AUTORELEASING = YES;
				CLANG_WARN_BOOL_CONVERSION = YES;
				CLANG_WARN_COMMA = YES;
				CLANG_WARN_CONSTANT_CONVERSION = YES;
				CLANG_WARN_DIRECT_OBJC_ISA_USAGE = YES_ERROR;
				CLANG_WARN_DOCUMENTATION_COMMENTS = YES;
				CLANG_WARN_EMPTY_BODY = YES;
				CLANG_WARN_ENUM_CONVERSION = YES;
				CLANG_WARN_INFINITE_RECURSION = YES;
				CLANG_WARN_INT_CONVERSION = YES;
				CLANG_WARN_OBJC_ROOT_CLASS = YES_ERROR;
				CLANG_WARN_RANGE_LOOP_ANALYSIS = YES;
				CLANG_WARN_STRICT_PROTOTYPES = YES;
				CLANG_WARN_SUSPICIOUS_MOVE = YES;
				CLANG_WARN_UNGUARDED_AVAILABILITY = YES_AGGRESSIVE;
				CLANG_WARN_UNREACHABLE_CODE = YES;
				CLANG_WARN__DUPLICATE_METHOD_MATCH = YES;
				CODE_SIGN_IDENTITY = "iPhone Developer";
				COPY_PHASE_STRIP = NO;
				DEBUG_INFORMATION_FORMAT = dwarf;
				ENABLE_STRICT_OBJC_MSGSEND = YES;
				ENABLE_TESTABILITY = YES;
				GCC_C_LANGUAGE_STANDARD = gnu11;
				GCC_DYNAMIC_NO_PIC = NO;
				GCC_NO_COMMON_BLOCKS = YES;
				GCC_OPTIMIZATION_LEVEL = 0;
				GCC_PREPROCESSOR_DEFINITIONS = (
					"DEBUG=1",
					"$(inherited)",
				);
				GCC_WARN_64_TO_32_BIT_CONVERSION = YES;
				GCC_WARN_ABOUT_RETURN_TYPE = YES_ERROR;
				GCC_WARN_UNDECLARED_SELECTOR = YES;
				GCC_WARN_UNINITIALIZED_AUTOS = YES_AGGRESSIVE;
				GCC_WARN_UNUSED_FUNCTION = YES;
				GCC_WARN_UNUSED_VARIABLE = YES;
				IPHONEOS_DEPLOYMENT_TARGET = 11.0;
				MTL_ENABLE_DEBUG_INFO = YES;
				ONLY_ACTIVE_ARCH = YES;
				SDKROOT = iphoneos;
				SWIFT_ACTIVE_COMPILATION_CONDITIONS = DEBUG;
				SWIFT_OPTIMIZATION_LEVEL = "-Onone";
			};
			name = Debug;
		};
		B57331441EEDBDDC0091CAB8 /* Release */ = {
			isa = XCBuildConfiguration;
			buildSettings = {
				ALWAYS_SEARCH_USER_PATHS = NO;
				CLANG_ANALYZER_NONNULL = YES;
				CLANG_ANALYZER_NUMBER_OBJECT_CONVERSION = YES_AGGRESSIVE;
				CLANG_CXX_LANGUAGE_STANDARD = "gnu++14";
				CLANG_CXX_LIBRARY = "libc++";
				CLANG_ENABLE_MODULES = YES;
				CLANG_ENABLE_OBJC_ARC = YES;
				CLANG_WARN_BLOCK_CAPTURE_AUTORELEASING = YES;
				CLANG_WARN_BOOL_CONVERSION = YES;
				CLANG_WARN_COMMA = YES;
				CLANG_WARN_CONSTANT_CONVERSION = YES;
				CLANG_WARN_DIRECT_OBJC_ISA_USAGE = YES_ERROR;
				CLANG_WARN_DOCUMENTATION_COMMENTS = YES;
				CLANG_WARN_EMPTY_BODY = YES;
				CLANG_WARN_ENUM_CONVERSION = YES;
				CLANG_WARN_INFINITE_RECURSION = YES;
				CLANG_WARN_INT_CONVERSION = YES;
				CLANG_WARN_OBJC_ROOT_CLASS = YES_ERROR;
				CLANG_WARN_RANGE_LOOP_ANALYSIS = YES;
				CLANG_WARN_STRICT_PROTOTYPES = YES;
				CLANG_WARN_SUSPICIOUS_MOVE = YES;
				CLANG_WARN_UNGUARDED_AVAILABILITY = YES_AGGRESSIVE;
				CLANG_WARN_UNREACHABLE_CODE = YES;
				CLANG_WARN__DUPLICATE_METHOD_MATCH = YES;
				CODE_SIGN_IDENTITY = "iPhone Developer";
				COPY_PHASE_STRIP = NO;
				DEBUG_INFORMATION_FORMAT = "dwarf-with-dsym";
				ENABLE_NS_ASSERTIONS = NO;
				ENABLE_STRICT_OBJC_MSGSEND = YES;
				GCC_C_LANGUAGE_STANDARD = gnu11;
				GCC_NO_COMMON_BLOCKS = YES;
				GCC_WARN_64_TO_32_BIT_CONVERSION = YES;
				GCC_WARN_ABOUT_RETURN_TYPE = YES_ERROR;
				GCC_WARN_UNDECLARED_SELECTOR = YES;
				GCC_WARN_UNINITIALIZED_AUTOS = YES_AGGRESSIVE;
				GCC_WARN_UNUSED_FUNCTION = YES;
				GCC_WARN_UNUSED_VARIABLE = YES;
				IPHONEOS_DEPLOYMENT_TARGET = 11.0;
				MTL_ENABLE_DEBUG_INFO = NO;
				SDKROOT = iphoneos;
				SWIFT_OPTIMIZATION_LEVEL = "-Owholemodule";
				VALIDATE_PRODUCT = YES;
			};
			name = Release;
		};
		B57331461EEDBDDC0091CAB8 /* Debug */ = {
			isa = XCBuildConfiguration;
			buildSettings = {
				ASSETCATALOG_COMPILER_APPICON_NAME = AppIcon;
				INFOPLIST_FILE = XWeather/Info.plist;
				LD_RUNPATH_SEARCH_PATHS = "$(inherited) @executable_path/Frameworks";
				PRODUCT_BUNDLE_IDENTIFIER = com.colbylwilliams.XWeather;
				PRODUCT_NAME = "$(TARGET_NAME)";
				SWIFT_VERSION = 4.0;
				TARGETED_DEVICE_FAMILY = "1,2";
			};
			name = Debug;
		};
		B57331471EEDBDDC0091CAB8 /* Release */ = {
			isa = XCBuildConfiguration;
			buildSettings = {
				ASSETCATALOG_COMPILER_APPICON_NAME = AppIcon;
				INFOPLIST_FILE = XWeather/Info.plist;
				LD_RUNPATH_SEARCH_PATHS = "$(inherited) @executable_path/Frameworks";
				PRODUCT_BUNDLE_IDENTIFIER = com.colbylwilliams.XWeather;
				PRODUCT_NAME = "$(TARGET_NAME)";
				SWIFT_VERSION = 4.0;
				TARGETED_DEVICE_FAMILY = "1,2";
			};
			name = Release;
		};
/* End XCBuildConfiguration section */

/* Begin XCConfigurationList section */
		B573312E1EEDBDDC0091CAB8 /* Build configuration list for PBXProject "XWeather" */ = {
			isa = XCConfigurationList;
			buildConfigurations = (
				B57331431EEDBDDC0091CAB8 /* Debug */,
				B57331441EEDBDDC0091CAB8 /* Release */,
			);
			defaultConfigurationIsVisible = 0;
			defaultConfigurationName = Release;
		};
		B57331451EEDBDDC0091CAB8 /* Build configuration list for PBXNativeTarget "XWeather" */ = {
			isa = XCConfigurationList;
			buildConfigurations = (
				B57331461EEDBDDC0091CAB8 /* Debug */,
				B57331471EEDBDDC0091CAB8 /* Release */,
			);
			defaultConfigurationIsVisible = 0;
			defaultConfigurationName = Release;
		};
/* End XCConfigurationList section */
	};
	rootObject = B573312B1EEDBDDC0091CAB8 /* Project object */;
}
