<?xml version="1.0" encoding="UTF-8"?>
<!DOCTYPE plist PUBLIC "-//Apple//DTD PLIST 1.0//EN" "http://www.apple.com/DTDs/PropertyList-1.0.dtd">
<plist version="1.0">
<dict>
	<key>archiveVersion</key>
	<string>1</string>
	<key>classes</key>
	<dict/>
	<key>objectVersion</key>
	<string>46</string>
	<key>objects</key>
	<dict>
		<key>50FD5D885B34857DB04BF178</key>
		<dict>
			<key>children</key>
			<array>
				<string>E0B9FA838774C877C872F630</string>
				<string>730C13AA7E4868105287CF2E</string>
			</array>
			<key>isa</key>
			<string>PBXGroup</string>
			<key>name</key>
			<string>Pods</string>
			<key>sourceTree</key>
			<string>&lt;group&gt;</string>
		</dict>
		<key>5F314C24115BC4135AD50177</key>
		<dict>
			<key>explicitFileType</key>
			<string>wrapper.framework</string>
			<key>includeInIndex</key>
			<string>0</string>
			<key>isa</key>
			<string>PBXFileReference</string>
			<key>path</key>
			<string>Pods_XWeather.framework</string>
			<key>sourceTree</key>
			<string>BUILT_PRODUCTS_DIR</string>
		</dict>
		<key>61C4035CAF093A9F7286D415</key>
		<dict>
			<key>children</key>
			<array>
				<string>5F314C24115BC4135AD50177</string>
			</array>
			<key>isa</key>
			<string>PBXGroup</string>
			<key>name</key>
			<string>Frameworks</string>
			<key>sourceTree</key>
			<string>&lt;group&gt;</string>
		</dict>
		<key>730C13AA7E4868105287CF2E</key>
		<dict>
			<key>includeInIndex</key>
			<string>1</string>
			<key>isa</key>
			<string>PBXFileReference</string>
			<key>lastKnownFileType</key>
			<string>text.xcconfig</string>
			<key>name</key>
			<string>Pods-XWeather.release.xcconfig</string>
			<key>path</key>
			<string>Pods/Target Support Files/Pods-XWeather/Pods-XWeather.release.xcconfig</string>
			<key>sourceTree</key>
			<string>&lt;group&gt;</string>
		</dict>
		<key>ACC0CA904A7D300430AF9F6F</key>
		<dict>
			<key>buildActionMask</key>
			<string>2147483647</string>
			<key>files</key>
			<array/>
			<key>inputPaths</key>
			<array/>
			<key>isa</key>
			<string>PBXShellScriptBuildPhase</string>
			<key>name</key>
			<string>[CP] Copy Pods Resources</string>
			<key>outputPaths</key>
			<array/>
			<key>runOnlyForDeploymentPostprocessing</key>
			<string>0</string>
			<key>shellPath</key>
			<string>/bin/sh</string>
			<key>shellScript</key>
			<string>"${SRCROOT}/Pods/Target Support Files/Pods-XWeather/Pods-XWeather-resources.sh"
</string>
			<key>showEnvVarsInLog</key>
			<string>0</string>
		</dict>
		<key>B53C93E29186EFB5952FE564</key>
		<dict>
			<key>buildActionMask</key>
			<string>2147483647</string>
			<key>files</key>
			<array/>
			<key>inputPaths</key>
			<array/>
			<key>isa</key>
			<string>PBXShellScriptBuildPhase</string>
			<key>name</key>
			<string>[CP] Embed Pods Frameworks</string>
			<key>outputPaths</key>
			<array/>
			<key>runOnlyForDeploymentPostprocessing</key>
			<string>0</string>
			<key>shellPath</key>
			<string>/bin/sh</string>
			<key>shellScript</key>
			<string>"${SRCROOT}/Pods/Target Support Files/Pods-XWeather/Pods-XWeather-frameworks.sh"
</string>
			<key>showEnvVarsInLog</key>
			<string>0</string>
		</dict>
		<key>B5401D3D1D8807FD0015160F</key>
		<dict>
			<key>fileEncoding</key>
			<string>4</string>
			<key>isa</key>
			<string>PBXFileReference</string>
			<key>lastKnownFileType</key>
			<string>sourcecode.swift</string>
			<key>name</key>
			<string>ViewExtensions.swift</string>
			<key>path</key>
			<string>Extensions/ViewExtensions.swift</string>
			<key>sourceTree</key>
			<string>&lt;group&gt;</string>
		</dict>
		<key>B5401D3E1D8807FD0015160F</key>
		<dict>
			<key>fileRef</key>
			<string>B5401D3D1D8807FD0015160F</string>
			<key>isa</key>
			<string>PBXBuildFile</string>
		</dict>
		<key>B5401D3F1D88148B0015160F</key>
		<dict>
			<key>children</key>
			<array/>
			<key>isa</key>
			<string>PBXGroup</string>
			<key>name</key>
			<string>Clients</string>
			<key>sourceTree</key>
			<string>&lt;group&gt;</string>
		</dict>
		<key>B5401D401D88149D0015160F</key>
		<dict>
			<key>children</key>
			<array/>
			<key>isa</key>
			<string>PBXGroup</string>
			<key>name</key>
			<string>Constants</string>
			<key>sourceTree</key>
			<string>&lt;group&gt;</string>
		</dict>
		<key>B5401D411D8814AA0015160F</key>
		<dict>
			<key>children</key>
			<array/>
			<key>isa</key>
			<string>PBXGroup</string>
			<key>name</key>
			<string>Domain</string>
			<key>sourceTree</key>
			<string>&lt;group&gt;</string>
		</dict>
		<key>B5401D421D8814B50015160F</key>
		<dict>
			<key>children</key>
			<array/>
			<key>isa</key>
			<string>PBXGroup</string>
			<key>name</key>
			<string>Utilities</string>
			<key>sourceTree</key>
			<string>&lt;group&gt;</string>
		</dict>
		<key>B5401D431D8814CA0015160F</key>
		<dict>
			<key>children</key>
			<array/>
			<key>isa</key>
			<string>PBXGroup</string>
			<key>name</key>
			<string>Settings</string>
			<key>sourceTree</key>
			<string>&lt;group&gt;</string>
		</dict>
		<key>B543357B1D87B9CF00701050</key>
		<dict>
			<key>children</key>
			<array>
				<string>B54335861D87B9CF00701050</string>
				<string>B54335851D87B9CF00701050</string>
				<string>50FD5D885B34857DB04BF178</string>
				<string>61C4035CAF093A9F7286D415</string>
			</array>
			<key>isa</key>
			<string>PBXGroup</string>
			<key>sourceTree</key>
			<string>&lt;group&gt;</string>
		</dict>
		<key>B543357C1D87B9CF00701050</key>
		<dict>
			<key>attributes</key>
			<dict>
				<key>LastSwiftUpdateCheck</key>
				<string>0800</string>
				<key>LastUpgradeCheck</key>
				<string>0800</string>
				<key>ORGANIZATIONNAME</key>
				<string>Colby Williams</string>
				<key>TargetAttributes</key>
				<dict>
					<key>B54335831D87B9CF00701050</key>
					<dict>
						<key>CreatedOnToolsVersion</key>
						<string>8.0</string>
						<key>ProvisioningStyle</key>
						<string>Automatic</string>
					</dict>
				</dict>
			</dict>
			<key>buildConfigurationList</key>
			<string>B543357F1D87B9CF00701050</string>
			<key>compatibilityVersion</key>
			<string>Xcode 3.2</string>
			<key>developmentRegion</key>
			<string>English</string>
			<key>hasScannedForEncodings</key>
			<string>0</string>
			<key>isa</key>
			<string>PBXProject</string>
			<key>knownRegions</key>
			<array>
				<string>en</string>
				<string>Base</string>
			</array>
			<key>mainGroup</key>
			<string>B543357B1D87B9CF00701050</string>
			<key>productRefGroup</key>
			<string>B54335851D87B9CF00701050</string>
			<key>projectDirPath</key>
			<string></string>
			<key>projectReferences</key>
			<array/>
			<key>projectRoot</key>
			<string></string>
			<key>targets</key>
			<array>
				<string>B54335831D87B9CF00701050</string>
			</array>
		</dict>
		<key>B543357F1D87B9CF00701050</key>
		<dict>
			<key>buildConfigurations</key>
			<array>
				<string>B54335941D87B9CF00701050</string>
				<string>B54335951D87B9CF00701050</string>
			</array>
			<key>defaultConfigurationIsVisible</key>
			<string>0</string>
			<key>defaultConfigurationName</key>
			<string>Release</string>
			<key>isa</key>
			<string>XCConfigurationList</string>
		</dict>
		<key>B54335801D87B9CF00701050</key>
		<dict>
			<key>buildActionMask</key>
			<string>2147483647</string>
			<key>files</key>
			<array>
				<string>B54335B01D87BCD100701050</string>
				<string>B54335A81D87BC2B00701050</string>
				<string>B54335BA1D87BD2E00701050</string>
				<string>B54335A21D87BBEF00701050</string>
				<string>B54335B21D87BCF900701050</string>
				<string>B54335B41D87BD0400701050</string>
				<string>B54335D01D87C24200701050</string>
				<string>B54335C71D87BD9D00701050</string>
				<string>B543359D1D87BBA400701050</string>
				<string>B54335C91D87BDAB00701050</string>
				<string>B54335C21D87BD6A00701050</string>
				<string>B54335B61D87BD1200701050</string>
				<string>B54335C01D87BD5C00701050</string>
				<string>B543359B1D87BB7F00701050</string>
				<string>B54335A41D87BC0700701050</string>
				<string>B54335C51D87BD8D00701050</string>
				<string>B54335881D87B9CF00701050</string>
				<string>B54335BE1D87BD4F00701050</string>
				<string>B54335A61D87BC1B00701050</string>
				<string>B54335AC1D87BC5800701050</string>
				<string>B5401D3E1D8807FD0015160F</string>
				<string>B54335AA1D87BC3F00701050</string>
				<string>B54335B81D87BD2000701050</string>
				<string>B543359F1D87BBC800701050</string>
				<string>B54335CB1D87BDC200701050</string>
				<string>B54335BC1D87BD3F00701050</string>
			</array>
			<key>isa</key>
			<string>PBXSourcesBuildPhase</string>
			<key>runOnlyForDeploymentPostprocessing</key>
			<string>0</string>
		</dict>
		<key>B54335811D87B9CF00701050</key>
		<dict>
			<key>buildActionMask</key>
			<string>2147483647</string>
			<key>files</key>
			<array>
				<string>ED22760AA7CB1FBBD6B2B9B2</string>
			</array>
			<key>isa</key>
			<string>PBXFrameworksBuildPhase</string>
			<key>runOnlyForDeploymentPostprocessing</key>
			<string>0</string>
		</dict>
		<key>B54335821D87B9CF00701050</key>
		<dict>
			<key>buildActionMask</key>
			<string>2147483647</string>
			<key>files</key>
			<array>
				<string>B54335921D87B9CF00701050</string>
				<string>B543358F1D87B9CF00701050</string>
				<string>B543358D1D87B9CF00701050</string>
			</array>
			<key>isa</key>
			<string>PBXResourcesBuildPhase</string>
			<key>runOnlyForDeploymentPostprocessing</key>
			<string>0</string>
		</dict>
		<key>B54335831D87B9CF00701050</key>
		<dict>
			<key>buildConfigurationList</key>
			<string>B54335961D87B9D000701050</string>
			<key>buildPhases</key>
			<array>
				<string>D5E93C78DFA125283540E8F8</string>
				<string>B54335801D87B9CF00701050</string>
				<string>B54335811D87B9CF00701050</string>
				<string>B54335821D87B9CF00701050</string>
				<string>B53C93E29186EFB5952FE564</string>
				<string>ACC0CA904A7D300430AF9F6F</string>
			</array>
			<key>buildRules</key>
			<array/>
			<key>dependencies</key>
			<array/>
			<key>isa</key>
			<string>PBXNativeTarget</string>
			<key>name</key>
			<string>XWeather</string>
			<key>productName</key>
			<string>XWeather</string>
			<key>productReference</key>
			<string>B54335841D87B9CF00701050</string>
			<key>productType</key>
			<string>com.apple.product-type.application</string>
		</dict>
		<key>B54335841D87B9CF00701050</key>
		<dict>
			<key>explicitFileType</key>
			<string>wrapper.application</string>
			<key>includeInIndex</key>
			<string>0</string>
			<key>isa</key>
			<string>PBXFileReference</string>
			<key>path</key>
			<string>XWeather.app</string>
			<key>sourceTree</key>
			<string>BUILT_PRODUCTS_DIR</string>
		</dict>
		<key>B54335851D87B9CF00701050</key>
		<dict>
			<key>children</key>
			<array>
				<string>B54335841D87B9CF00701050</string>
			</array>
			<key>isa</key>
			<string>PBXGroup</string>
			<key>name</key>
			<string>Products</string>
			<key>sourceTree</key>
			<string>&lt;group&gt;</string>
		</dict>
		<key>B54335861D87B9CF00701050</key>
		<dict>
			<key>children</key>
			<array>
				<string>B5401D431D8814CA0015160F</string>
				<string>B5401D421D8814B50015160F</string>
				<string>B5401D411D8814AA0015160F</string>
				<string>B5401D401D88149D0015160F</string>
				<string>B5401D3F1D88148B0015160F</string>
				<string>B54335CC1D87C21100701050</string>
				<string>B54335991D87BB4800701050</string>
				<string>B54335871D87B9CF00701050</string>
				<string>B543358B1D87B9CF00701050</string>
				<string>B543358E1D87B9CF00701050</string>
				<string>B54335901D87B9CF00701050</string>
				<string>B54335931D87B9CF00701050</string>
			</array>
			<key>isa</key>
			<string>PBXGroup</string>
			<key>path</key>
			<string>XWeather</string>
			<key>sourceTree</key>
			<string>&lt;group&gt;</string>
		</dict>
		<key>B54335871D87B9CF00701050</key>
		<dict>
			<key>isa</key>
			<string>PBXFileReference</string>
			<key>lastKnownFileType</key>
			<string>sourcecode.swift</string>
			<key>path</key>
			<string>AppDelegate.swift</string>
			<key>sourceTree</key>
			<string>&lt;group&gt;</string>
		</dict>
		<key>B54335881D87B9CF00701050</key>
		<dict>
			<key>fileRef</key>
			<string>B54335871D87B9CF00701050</string>
			<key>isa</key>
			<string>PBXBuildFile</string>
		</dict>
		<key>B543358B1D87B9CF00701050</key>
		<dict>
			<key>children</key>
			<array>
				<string>B543358C1D87B9CF00701050</string>
			</array>
			<key>isa</key>
			<string>PBXVariantGroup</string>
			<key>name</key>
			<string>Main.storyboard</string>
			<key>sourceTree</key>
			<string>&lt;group&gt;</string>
		</dict>
		<key>B543358C1D87B9CF00701050</key>
		<dict>
			<key>isa</key>
			<string>PBXFileReference</string>
			<key>lastKnownFileType</key>
			<string>file.storyboard</string>
			<key>name</key>
			<string>Base</string>
			<key>path</key>
			<string>Base.lproj/Main.storyboard</string>
			<key>sourceTree</key>
			<string>&lt;group&gt;</string>
		</dict>
		<key>B543358D1D87B9CF00701050</key>
		<dict>
			<key>fileRef</key>
			<string>B543358B1D87B9CF00701050</string>
			<key>isa</key>
			<string>PBXBuildFile</string>
		</dict>
		<key>B543358E1D87B9CF00701050</key>
		<dict>
			<key>isa</key>
			<string>PBXFileReference</string>
			<key>lastKnownFileType</key>
			<string>folder.assetcatalog</string>
			<key>path</key>
			<string>Assets.xcassets</string>
			<key>sourceTree</key>
			<string>&lt;group&gt;</string>
		</dict>
		<key>B543358F1D87B9CF00701050</key>
		<dict>
			<key>fileRef</key>
			<string>B543358E1D87B9CF00701050</string>
			<key>isa</key>
			<string>PBXBuildFile</string>
		</dict>
		<key>B54335901D87B9CF00701050</key>
		<dict>
			<key>children</key>
			<array>
				<string>B54335911D87B9CF00701050</string>
			</array>
			<key>isa</key>
			<string>PBXVariantGroup</string>
			<key>name</key>
			<string>LaunchScreen.storyboard</string>
			<key>sourceTree</key>
			<string>&lt;group&gt;</string>
		</dict>
		<key>B54335911D87B9CF00701050</key>
		<dict>
			<key>isa</key>
			<string>PBXFileReference</string>
			<key>lastKnownFileType</key>
			<string>file.storyboard</string>
			<key>name</key>
			<string>Base</string>
			<key>path</key>
			<string>Base.lproj/LaunchScreen.storyboard</string>
			<key>sourceTree</key>
			<string>&lt;group&gt;</string>
		</dict>
		<key>B54335921D87B9CF00701050</key>
		<dict>
			<key>fileRef</key>
			<string>B54335901D87B9CF00701050</string>
			<key>isa</key>
			<string>PBXBuildFile</string>
		</dict>
		<key>B54335931D87B9CF00701050</key>
		<dict>
			<key>isa</key>
			<string>PBXFileReference</string>
			<key>lastKnownFileType</key>
			<string>text.plist.xml</string>
			<key>path</key>
			<string>Info.plist</string>
			<key>sourceTree</key>
			<string>&lt;group&gt;</string>
		</dict>
		<key>B54335941D87B9CF00701050</key>
		<dict>
			<key>buildSettings</key>
			<dict>
				<key>ALWAYS_SEARCH_USER_PATHS</key>
				<string>NO</string>
				<key>CLANG_ANALYZER_NONNULL</key>
				<string>YES</string>
				<key>CLANG_CXX_LANGUAGE_STANDARD</key>
				<string>gnu++0x</string>
				<key>CLANG_CXX_LIBRARY</key>
				<string>libc++</string>
				<key>CLANG_ENABLE_MODULES</key>
				<string>YES</string>
				<key>CLANG_ENABLE_OBJC_ARC</key>
				<string>YES</string>
				<key>CLANG_WARN_BOOL_CONVERSION</key>
				<string>YES</string>
				<key>CLANG_WARN_CONSTANT_CONVERSION</key>
				<string>YES</string>
				<key>CLANG_WARN_DIRECT_OBJC_ISA_USAGE</key>
				<string>YES_ERROR</string>
				<key>CLANG_WARN_DOCUMENTATION_COMMENTS</key>
				<string>YES</string>
				<key>CLANG_WARN_EMPTY_BODY</key>
				<string>YES</string>
				<key>CLANG_WARN_ENUM_CONVERSION</key>
				<string>YES</string>
				<key>CLANG_WARN_INFINITE_RECURSION</key>
				<string>YES</string>
				<key>CLANG_WARN_INT_CONVERSION</key>
				<string>YES</string>
				<key>CLANG_WARN_OBJC_ROOT_CLASS</key>
				<string>YES_ERROR</string>
				<key>CLANG_WARN_SUSPICIOUS_MOVES</key>
				<string>YES</string>
				<key>CLANG_WARN_UNREACHABLE_CODE</key>
				<string>YES</string>
				<key>CLANG_WARN__DUPLICATE_METHOD_MATCH</key>
				<string>YES</string>
				<key>CODE_SIGN_IDENTITY[sdk=iphoneos*]</key>
				<string>iPhone Developer</string>
				<key>COPY_PHASE_STRIP</key>
				<string>NO</string>
				<key>DEBUG_INFORMATION_FORMAT</key>
				<string>dwarf</string>
				<key>ENABLE_STRICT_OBJC_MSGSEND</key>
				<string>YES</string>
				<key>ENABLE_TESTABILITY</key>
				<string>YES</string>
				<key>GCC_C_LANGUAGE_STANDARD</key>
				<string>gnu99</string>
				<key>GCC_DYNAMIC_NO_PIC</key>
				<string>NO</string>
				<key>GCC_NO_COMMON_BLOCKS</key>
				<string>YES</string>
				<key>GCC_OPTIMIZATION_LEVEL</key>
				<string>0</string>
				<key>GCC_PREPROCESSOR_DEFINITIONS</key>
				<array>
					<string>DEBUG=1</string>
					<string>$(inherited)</string>
				</array>
				<key>GCC_WARN_64_TO_32_BIT_CONVERSION</key>
				<string>YES</string>
				<key>GCC_WARN_ABOUT_RETURN_TYPE</key>
				<string>YES_ERROR</string>
				<key>GCC_WARN_UNDECLARED_SELECTOR</key>
				<string>YES</string>
				<key>GCC_WARN_UNINITIALIZED_AUTOS</key>
				<string>YES_AGGRESSIVE</string>
				<key>GCC_WARN_UNUSED_FUNCTION</key>
				<string>YES</string>
				<key>GCC_WARN_UNUSED_VARIABLE</key>
				<string>YES</string>
				<key>IPHONEOS_DEPLOYMENT_TARGET</key>
				<string>10.0</string>
				<key>MTL_ENABLE_DEBUG_INFO</key>
				<string>YES</string>
				<key>ONLY_ACTIVE_ARCH</key>
				<string>YES</string>
				<key>SDKROOT</key>
				<string>iphoneos</string>
				<key>SWIFT_ACTIVE_COMPILATION_CONDITIONS</key>
				<string>DEBUG</string>
				<key>SWIFT_OPTIMIZATION_LEVEL</key>
				<string>-Onone</string>
			</dict>
			<key>isa</key>
			<string>XCBuildConfiguration</string>
			<key>name</key>
			<string>Debug</string>
		</dict>
		<key>B54335951D87B9CF00701050</key>
		<dict>
			<key>buildSettings</key>
			<dict>
				<key>ALWAYS_SEARCH_USER_PATHS</key>
				<string>NO</string>
				<key>CLANG_ANALYZER_NONNULL</key>
				<string>YES</string>
				<key>CLANG_CXX_LANGUAGE_STANDARD</key>
				<string>gnu++0x</string>
				<key>CLANG_CXX_LIBRARY</key>
				<string>libc++</string>
				<key>CLANG_ENABLE_MODULES</key>
				<string>YES</string>
				<key>CLANG_ENABLE_OBJC_ARC</key>
				<string>YES</string>
				<key>CLANG_WARN_BOOL_CONVERSION</key>
				<string>YES</string>
				<key>CLANG_WARN_CONSTANT_CONVERSION</key>
				<string>YES</string>
				<key>CLANG_WARN_DIRECT_OBJC_ISA_USAGE</key>
				<string>YES_ERROR</string>
				<key>CLANG_WARN_DOCUMENTATION_COMMENTS</key>
				<string>YES</string>
				<key>CLANG_WARN_EMPTY_BODY</key>
				<string>YES</string>
				<key>CLANG_WARN_ENUM_CONVERSION</key>
				<string>YES</string>
				<key>CLANG_WARN_INFINITE_RECURSION</key>
				<string>YES</string>
				<key>CLANG_WARN_INT_CONVERSION</key>
				<string>YES</string>
				<key>CLANG_WARN_OBJC_ROOT_CLASS</key>
				<string>YES_ERROR</string>
				<key>CLANG_WARN_SUSPICIOUS_MOVES</key>
				<string>YES</string>
				<key>CLANG_WARN_UNREACHABLE_CODE</key>
				<string>YES</string>
				<key>CLANG_WARN__DUPLICATE_METHOD_MATCH</key>
				<string>YES</string>
				<key>CODE_SIGN_IDENTITY[sdk=iphoneos*]</key>
				<string>iPhone Developer</string>
				<key>COPY_PHASE_STRIP</key>
				<string>NO</string>
				<key>DEBUG_INFORMATION_FORMAT</key>
				<string>dwarf-with-dsym</string>
				<key>ENABLE_NS_ASSERTIONS</key>
				<string>NO</string>
				<key>ENABLE_STRICT_OBJC_MSGSEND</key>
				<string>YES</string>
				<key>GCC_C_LANGUAGE_STANDARD</key>
				<string>gnu99</string>
				<key>GCC_NO_COMMON_BLOCKS</key>
				<string>YES</string>
				<key>GCC_WARN_64_TO_32_BIT_CONVERSION</key>
				<string>YES</string>
				<key>GCC_WARN_ABOUT_RETURN_TYPE</key>
				<string>YES_ERROR</string>
				<key>GCC_WARN_UNDECLARED_SELECTOR</key>
				<string>YES</string>
				<key>GCC_WARN_UNINITIALIZED_AUTOS</key>
				<string>YES_AGGRESSIVE</string>
				<key>GCC_WARN_UNUSED_FUNCTION</key>
				<string>YES</string>
				<key>GCC_WARN_UNUSED_VARIABLE</key>
				<string>YES</string>
				<key>IPHONEOS_DEPLOYMENT_TARGET</key>
				<string>10.0</string>
				<key>MTL_ENABLE_DEBUG_INFO</key>
				<string>NO</string>
				<key>SDKROOT</key>
				<string>iphoneos</string>
				<key>SWIFT_OPTIMIZATION_LEVEL</key>
				<string>-Owholemodule</string>
				<key>VALIDATE_PRODUCT</key>
				<string>YES</string>
			</dict>
			<key>isa</key>
			<string>XCBuildConfiguration</string>
			<key>name</key>
			<string>Release</string>
		</dict>
		<key>B54335961D87B9D000701050</key>
		<dict>
			<key>buildConfigurations</key>
			<array>
				<string>B54335971D87B9D000701050</string>
				<string>B54335981D87B9D000701050</string>
			</array>
			<key>defaultConfigurationIsVisible</key>
			<string>0</string>
			<key>defaultConfigurationName</key>
			<string>Release</string>
			<key>isa</key>
			<string>XCConfigurationList</string>
		</dict>
		<key>B54335971D87B9D000701050</key>
		<dict>
			<key>baseConfigurationReference</key>
			<string>E0B9FA838774C877C872F630</string>
			<key>buildSettings</key>
			<dict>
				<key>ASSETCATALOG_COMPILER_APPICON_NAME</key>
				<string>AppIcon</string>
				<key>INFOPLIST_FILE</key>
				<string>XWeather/Info.plist</string>
				<key>LD_RUNPATH_SEARCH_PATHS</key>
				<string>$(inherited) @executable_path/Frameworks</string>
				<key>PRODUCT_BUNDLE_IDENTIFIER</key>
				<string>com.xamarin.xweather</string>
				<key>PRODUCT_NAME</key>
				<string>$(TARGET_NAME)</string>
				<key>SWIFT_VERSION</key>
				<string>3.0</string>
			</dict>
			<key>isa</key>
			<string>XCBuildConfiguration</string>
			<key>name</key>
			<string>Debug</string>
		</dict>
		<key>B54335981D87B9D000701050</key>
		<dict>
			<key>baseConfigurationReference</key>
			<string>730C13AA7E4868105287CF2E</string>
			<key>buildSettings</key>
			<dict>
				<key>ASSETCATALOG_COMPILER_APPICON_NAME</key>
				<string>AppIcon</string>
				<key>INFOPLIST_FILE</key>
				<string>XWeather/Info.plist</string>
				<key>LD_RUNPATH_SEARCH_PATHS</key>
				<string>$(inherited) @executable_path/Frameworks</string>
				<key>PRODUCT_BUNDLE_IDENTIFIER</key>
				<string>com.xamarin.xweather</string>
				<key>PRODUCT_NAME</key>
				<string>$(TARGET_NAME)</string>
				<key>SWIFT_VERSION</key>
				<string>3.0</string>
			</dict>
			<key>isa</key>
			<string>XCBuildConfiguration</string>
			<key>name</key>
			<string>Release</string>
		</dict>
		<key>B54335991D87BB4800701050</key>
		<dict>
			<key>children</key>
			<array>
				<string>B54335C31D87BD7900701050</string>
				<string>B54335A01D87BBD400701050</string>
				<string>B543359A1D87BB7F00701050</string>
				<string>B543359C1D87BBA400701050</string>
				<string>B543359E1D87BBC800701050</string>
				<string>B54335CA1D87BDC200701050</string>
			</array>
			<key>isa</key>
			<string>PBXGroup</string>
			<key>name</key>
			<string>ViewControllers</string>
			<key>sourceTree</key>
			<string>&lt;group&gt;</string>
		</dict>
		<key>B543359A1D87BB7F00701050</key>
		<dict>
			<key>fileEncoding</key>
			<string>4</string>
			<key>isa</key>
			<string>PBXFileReference</string>
			<key>lastKnownFileType</key>
			<string>sourcecode.swift</string>
			<key>name</key>
			<string>WeatherNc.swift</string>
			<key>path</key>
			<string>ViewControllers/WeatherNc.swift</string>
			<key>sourceTree</key>
			<string>&lt;group&gt;</string>
		</dict>
		<key>B543359B1D87BB7F00701050</key>
		<dict>
			<key>fileRef</key>
			<string>B543359A1D87BB7F00701050</string>
			<key>isa</key>
			<string>PBXBuildFile</string>
		</dict>
		<key>B543359C1D87BBA400701050</key>
		<dict>
			<key>fileEncoding</key>
			<string>4</string>
			<key>isa</key>
			<string>PBXFileReference</string>
			<key>lastKnownFileType</key>
			<string>sourcecode.swift</string>
			<key>name</key>
			<string>WeatherPvc.swift</string>
			<key>path</key>
			<string>ViewControllers/WeatherPvc.swift</string>
			<key>sourceTree</key>
			<string>&lt;group&gt;</string>
		</dict>
		<key>B543359D1D87BBA400701050</key>
		<dict>
			<key>fileRef</key>
			<string>B543359C1D87BBA400701050</string>
			<key>isa</key>
			<string>PBXBuildFile</string>
		</dict>
		<key>B543359E1D87BBC800701050</key>
		<dict>
			<key>fileEncoding</key>
			<string>4</string>
			<key>isa</key>
			<string>PBXFileReference</string>
			<key>lastKnownFileType</key>
			<string>sourcecode.swift</string>
			<key>name</key>
			<string>RadarMapVc.swift</string>
			<key>path</key>
			<string>ViewControllers/RadarMapVc.swift</string>
			<key>sourceTree</key>
			<string>&lt;group&gt;</string>
		</dict>
		<key>B543359F1D87BBC800701050</key>
		<dict>
			<key>fileRef</key>
			<string>B543359E1D87BBC800701050</string>
			<key>isa</key>
			<string>PBXBuildFile</string>
		</dict>
		<key>B54335A01D87BBD400701050</key>
		<dict>
			<key>children</key>
			<array>
				<string>B54335A11D87BBEF00701050</string>
				<string>B54335A31D87BC0700701050</string>
				<string>B54335A51D87BC1B00701050</string>
				<string>B54335A71D87BC2B00701050</string>
				<string>B54335A91D87BC3F00701050</string>
				<string>B54335AB1D87BC5800701050</string>
				<string>B54335AE1D87BCAE00701050</string>
				<string>B54335AD1D87BCA000701050</string>
			</array>
			<key>isa</key>
			<string>PBXGroup</string>
			<key>name</key>
			<string>TableViewControllers</string>
			<key>sourceTree</key>
			<string>&lt;group&gt;</string>
		</dict>
		<key>B54335A11D87BBEF00701050</key>
		<dict>
			<key>fileEncoding</key>
			<string>4</string>
			<key>isa</key>
			<string>PBXFileReference</string>
			<key>lastKnownFileType</key>
			<string>sourcecode.swift</string>
			<key>name</key>
			<string>BaseTvc.swift</string>
			<key>path</key>
			<string>ViewControllers/TableViewControllers/BaseTvc.swift</string>
			<key>sourceTree</key>
			<string>&lt;group&gt;</string>
		</dict>
		<key>B54335A21D87BBEF00701050</key>
		<dict>
			<key>fileRef</key>
			<string>B54335A11D87BBEF00701050</string>
			<key>isa</key>
			<string>PBXBuildFile</string>
		</dict>
		<key>B54335A31D87BC0700701050</key>
		<dict>
			<key>fileEncoding</key>
			<string>4</string>
			<key>isa</key>
			<string>PBXFileReference</string>
			<key>lastKnownFileType</key>
			<string>sourcecode.swift</string>
			<key>name</key>
			<string>DailyTvc.swift</string>
			<key>path</key>
			<string>ViewControllers/TableViewControllers/DailyTvc.swift</string>
			<key>sourceTree</key>
			<string>&lt;group&gt;</string>
		</dict>
		<key>B54335A41D87BC0700701050</key>
		<dict>
			<key>fileRef</key>
			<string>B54335A31D87BC0700701050</string>
			<key>isa</key>
			<string>PBXBuildFile</string>
		</dict>
		<key>B54335A51D87BC1B00701050</key>
		<dict>
			<key>fileEncoding</key>
			<string>4</string>
			<key>isa</key>
			<string>PBXFileReference</string>
			<key>lastKnownFileType</key>
			<string>sourcecode.swift</string>
			<key>name</key>
			<string>DetailsTvc.swift</string>
			<key>path</key>
			<string>ViewControllers/TableViewControllers/DetailsTvc.swift</string>
			<key>sourceTree</key>
			<string>&lt;group&gt;</string>
		</dict>
		<key>B54335A61D87BC1B00701050</key>
		<dict>
			<key>fileRef</key>
			<string>B54335A51D87BC1B00701050</string>
			<key>isa</key>
			<string>PBXBuildFile</string>
		</dict>
		<key>B54335A71D87BC2B00701050</key>
		<dict>
			<key>fileEncoding</key>
			<string>4</string>
			<key>isa</key>
			<string>PBXFileReference</string>
			<key>lastKnownFileType</key>
			<string>sourcecode.swift</string>
			<key>name</key>
			<string>HourlyTvc.swift</string>
			<key>path</key>
			<string>ViewControllers/TableViewControllers/HourlyTvc.swift</string>
			<key>sourceTree</key>
			<string>&lt;group&gt;</string>
		</dict>
		<key>B54335A81D87BC2B00701050</key>
		<dict>
			<key>fileRef</key>
			<string>B54335A71D87BC2B00701050</string>
			<key>isa</key>
			<string>PBXBuildFile</string>
		</dict>
		<key>B54335A91D87BC3F00701050</key>
		<dict>
			<key>fileEncoding</key>
			<string>4</string>
			<key>isa</key>
			<string>PBXFileReference</string>
			<key>lastKnownFileType</key>
			<string>sourcecode.swift</string>
			<key>name</key>
			<string>LocationSearchTvc.swift</string>
			<key>path</key>
			<string>ViewControllers/TableViewControllers/LocationSearchTvc.swift</string>
			<key>sourceTree</key>
			<string>&lt;group&gt;</string>
		</dict>
		<key>B54335AA1D87BC3F00701050</key>
		<dict>
			<key>fileRef</key>
			<string>B54335A91D87BC3F00701050</string>
			<key>isa</key>
			<string>PBXBuildFile</string>
		</dict>
		<key>B54335AB1D87BC5800701050</key>
		<dict>
			<key>fileEncoding</key>
			<string>4</string>
			<key>isa</key>
			<string>PBXFileReference</string>
			<key>lastKnownFileType</key>
			<string>sourcecode.swift</string>
			<key>name</key>
			<string>LocationTvc.swift</string>
			<key>path</key>
			<string>ViewControllers/TableViewControllers/LocationTvc.swift</string>
			<key>sourceTree</key>
			<string>&lt;group&gt;</string>
		</dict>
		<key>B54335AC1D87BC5800701050</key>
		<dict>
			<key>fileRef</key>
			<string>B54335AB1D87BC5800701050</string>
			<key>isa</key>
			<string>PBXBuildFile</string>
		</dict>
		<key>B54335AD1D87BCA000701050</key>
		<dict>
			<key>children</key>
			<array>
				<string>B54335BB1D87BD3F00701050</string>
				<string>B54335BD1D87BD4F00701050</string>
				<string>B54335BF1D87BD5B00701050</string>
				<string>B54335C11D87BD6A00701050</string>
			</array>
			<key>isa</key>
			<string>PBXGroup</string>
			<key>name</key>
			<string>TableViewHeaders</string>
			<key>sourceTree</key>
			<string>&lt;group&gt;</string>
		</dict>
		<key>B54335AE1D87BCAE00701050</key>
		<dict>
			<key>children</key>
			<array>
				<string>B54335AF1D87BCD100701050</string>
				<string>B54335B11D87BCF900701050</string>
				<string>B54335B31D87BD0400701050</string>
				<string>B54335B51D87BD1200701050</string>
				<string>B54335B71D87BD2000701050</string>
				<string>B54335B91D87BD2E00701050</string>
			</array>
			<key>isa</key>
			<string>PBXGroup</string>
			<key>name</key>
			<string>TableViewCells</string>
			<key>sourceTree</key>
			<string>&lt;group&gt;</string>
		</dict>
		<key>B54335AF1D87BCD100701050</key>
		<dict>
			<key>fileEncoding</key>
			<string>4</string>
			<key>isa</key>
			<string>PBXFileReference</string>
			<key>lastKnownFileType</key>
			<string>sourcecode.swift</string>
			<key>name</key>
			<string>BaseTvCell.swift</string>
			<key>path</key>
			<string>ViewControllers/TableViewControllers/TableViewCells/BaseTvCell.swift</string>
			<key>sourceTree</key>
			<string>&lt;group&gt;</string>
		</dict>
		<key>B54335B01D87BCD100701050</key>
		<dict>
			<key>fileRef</key>
			<string>B54335AF1D87BCD100701050</string>
			<key>isa</key>
			<string>PBXBuildFile</string>
		</dict>
		<key>B54335B11D87BCF900701050</key>
		<dict>
			<key>fileEncoding</key>
			<string>4</string>
			<key>isa</key>
			<string>PBXFileReference</string>
			<key>lastKnownFileType</key>
			<string>sourcecode.swift</string>
			<key>name</key>
			<string>DailyTvCell.swift</string>
			<key>path</key>
			<string>ViewControllers/TableViewControllers/TableViewCells/DailyTvCell.swift</string>
			<key>sourceTree</key>
			<string>&lt;group&gt;</string>
		</dict>
		<key>B54335B21D87BCF900701050</key>
		<dict>
			<key>fileRef</key>
			<string>B54335B11D87BCF900701050</string>
			<key>isa</key>
			<string>PBXBuildFile</string>
		</dict>
		<key>B54335B31D87BD0400701050</key>
		<dict>
			<key>fileEncoding</key>
			<string>4</string>
			<key>isa</key>
			<string>PBXFileReference</string>
			<key>lastKnownFileType</key>
			<string>sourcecode.swift</string>
			<key>name</key>
			<string>DetailsTvCell.swift</string>
			<key>path</key>
			<string>ViewControllers/TableViewControllers/TableViewCells/DetailsTvCell.swift</string>
			<key>sourceTree</key>
			<string>&lt;group&gt;</string>
		</dict>
		<key>B54335B41D87BD0400701050</key>
		<dict>
			<key>fileRef</key>
			<string>B54335B31D87BD0400701050</string>
			<key>isa</key>
			<string>PBXBuildFile</string>
		</dict>
		<key>B54335B51D87BD1200701050</key>
		<dict>
			<key>fileEncoding</key>
			<string>4</string>
			<key>isa</key>
			<string>PBXFileReference</string>
			<key>lastKnownFileType</key>
			<string>sourcecode.swift</string>
			<key>name</key>
			<string>HourlyTvCell.swift</string>
			<key>path</key>
			<string>ViewControllers/TableViewControllers/TableViewCells/HourlyTvCell.swift</string>
			<key>sourceTree</key>
			<string>&lt;group&gt;</string>
		</dict>
		<key>B54335B61D87BD1200701050</key>
		<dict>
			<key>fileRef</key>
			<string>B54335B51D87BD1200701050</string>
			<key>isa</key>
			<string>PBXBuildFile</string>
		</dict>
		<key>B54335B71D87BD2000701050</key>
		<dict>
			<key>fileEncoding</key>
			<string>4</string>
			<key>isa</key>
			<string>PBXFileReference</string>
			<key>lastKnownFileType</key>
			<string>sourcecode.swift</string>
			<key>name</key>
			<string>LocationSearchTvCell.swift</string>
			<key>path</key>
			<string>ViewControllers/TableViewControllers/TableViewCells/LocationSearchTvCell.swift</string>
			<key>sourceTree</key>
			<string>&lt;group&gt;</string>
		</dict>
		<key>B54335B81D87BD2000701050</key>
		<dict>
			<key>fileRef</key>
			<string>B54335B71D87BD2000701050</string>
			<key>isa</key>
			<string>PBXBuildFile</string>
		</dict>
		<key>B54335B91D87BD2E00701050</key>
		<dict>
			<key>fileEncoding</key>
			<string>4</string>
			<key>isa</key>
			<string>PBXFileReference</string>
			<key>lastKnownFileType</key>
			<string>sourcecode.swift</string>
			<key>name</key>
			<string>LocationTvCell.swift</string>
			<key>path</key>
			<string>ViewControllers/TableViewControllers/TableViewCells/LocationTvCell.swift</string>
			<key>sourceTree</key>
			<string>&lt;group&gt;</string>
		</dict>
		<key>B54335BA1D87BD2E00701050</key>
		<dict>
			<key>fileRef</key>
			<string>B54335B91D87BD2E00701050</string>
			<key>isa</key>
			<string>PBXBuildFile</string>
		</dict>
		<key>B54335BB1D87BD3F00701050</key>
		<dict>
			<key>fileEncoding</key>
			<string>4</string>
			<key>isa</key>
			<string>PBXFileReference</string>
			<key>lastKnownFileType</key>
			<string>sourcecode.swift</string>
			<key>name</key>
			<string>BaseTvHeader.swift</string>
			<key>path</key>
			<string>ViewControllers/TableViewControllers/TableViewHeaders/BaseTvHeader.swift</string>
			<key>sourceTree</key>
			<string>&lt;group&gt;</string>
		</dict>
		<key>B54335BC1D87BD3F00701050</key>
		<dict>
			<key>fileRef</key>
			<string>B54335BB1D87BD3F00701050</string>
			<key>isa</key>
			<string>PBXBuildFile</string>
		</dict>
		<key>B54335BD1D87BD4F00701050</key>
		<dict>
			<key>fileEncoding</key>
			<string>4</string>
			<key>isa</key>
			<string>PBXFileReference</string>
			<key>lastKnownFileType</key>
			<string>sourcecode.swift</string>
			<key>name</key>
			<string>DailyTvHeader.swift</string>
			<key>path</key>
			<string>ViewControllers/TableViewControllers/TableViewHeaders/DailyTvHeader.swift</string>
			<key>sourceTree</key>
			<string>&lt;group&gt;</string>
		</dict>
		<key>B54335BE1D87BD4F00701050</key>
		<dict>
			<key>fileRef</key>
			<string>B54335BD1D87BD4F00701050</string>
			<key>isa</key>
			<string>PBXBuildFile</string>
		</dict>
		<key>B54335BF1D87BD5B00701050</key>
		<dict>
			<key>fileEncoding</key>
			<string>4</string>
			<key>isa</key>
			<string>PBXFileReference</string>
			<key>lastKnownFileType</key>
			<string>sourcecode.swift</string>
			<key>name</key>
			<string>DetailsTvHeader.swift</string>
			<key>path</key>
			<string>ViewControllers/TableViewControllers/TableViewHeaders/DetailsTvHeader.swift</string>
			<key>sourceTree</key>
			<string>&lt;group&gt;</string>
		</dict>
		<key>B54335C01D87BD5C00701050</key>
		<dict>
			<key>fileRef</key>
			<string>B54335BF1D87BD5B00701050</string>
			<key>isa</key>
			<string>PBXBuildFile</string>
		</dict>
		<key>B54335C11D87BD6A00701050</key>
		<dict>
			<key>fileEncoding</key>
			<string>4</string>
			<key>isa</key>
			<string>PBXFileReference</string>
			<key>lastKnownFileType</key>
			<string>sourcecode.swift</string>
			<key>name</key>
			<string>HourlyTvHeader.swift</string>
			<key>path</key>
			<string>ViewControllers/TableViewControllers/TableViewHeaders/HourlyTvHeader.swift</string>
			<key>sourceTree</key>
			<string>&lt;group&gt;</string>
		</dict>
		<key>B54335C21D87BD6A00701050</key>
		<dict>
			<key>fileRef</key>
			<string>B54335C11D87BD6A00701050</string>
			<key>isa</key>
			<string>PBXBuildFile</string>
		</dict>
		<key>B54335C31D87BD7900701050</key>
		<dict>
			<key>children</key>
			<array>
				<string>B54335C41D87BD8D00701050</string>
				<string>B54335C61D87BD9D00701050</string>
				<string>B54335C81D87BDAB00701050</string>
			</array>
			<key>isa</key>
			<string>PBXGroup</string>
			<key>name</key>
			<string>RadarOverlay</string>
			<key>sourceTree</key>
			<string>&lt;group&gt;</string>
		</dict>
		<key>B54335C41D87BD8D00701050</key>
		<dict>
			<key>fileEncoding</key>
			<string>4</string>
			<key>isa</key>
			<string>PBXFileReference</string>
			<key>lastKnownFileType</key>
			<string>sourcecode.swift</string>
			<key>name</key>
			<string>RadarOverlay.swift</string>
			<key>path</key>
			<string>ViewControllers/RadarOverlay/RadarOverlay.swift</string>
			<key>sourceTree</key>
			<string>&lt;group&gt;</string>
		</dict>
		<key>B54335C51D87BD8D00701050</key>
		<dict>
			<key>fileRef</key>
			<string>B54335C41D87BD8D00701050</string>
			<key>isa</key>
			<string>PBXBuildFile</string>
		</dict>
		<key>B54335C61D87BD9D00701050</key>
		<dict>
			<key>fileEncoding</key>
			<string>4</string>
			<key>isa</key>
			<string>PBXFileReference</string>
			<key>lastKnownFileType</key>
			<string>sourcecode.swift</string>
			<key>name</key>
			<string>RadarOverlayExtensions.swift</string>
			<key>path</key>
			<string>ViewControllers/RadarOverlay/RadarOverlayExtensions.swift</string>
			<key>sourceTree</key>
			<string>&lt;group&gt;</string>
		</dict>
		<key>B54335C71D87BD9D00701050</key>
		<dict>
			<key>fileRef</key>
			<string>B54335C61D87BD9D00701050</string>
			<key>isa</key>
			<string>PBXBuildFile</string>
		</dict>
		<key>B54335C81D87BDAB00701050</key>
		<dict>
			<key>fileEncoding</key>
			<string>4</string>
			<key>isa</key>
			<string>PBXFileReference</string>
			<key>lastKnownFileType</key>
			<string>sourcecode.swift</string>
			<key>name</key>
			<string>RadarOverlayRenderer.swift</string>
			<key>path</key>
			<string>ViewControllers/RadarOverlay/RadarOverlayRenderer.swift</string>
			<key>sourceTree</key>
			<string>&lt;group&gt;</string>
		</dict>
		<key>B54335C91D87BDAB00701050</key>
		<dict>
			<key>fileRef</key>
			<string>B54335C81D87BDAB00701050</string>
			<key>isa</key>
			<string>PBXBuildFile</string>
		</dict>
		<key>B54335CA1D87BDC200701050</key>
		<dict>
			<key>fileEncoding</key>
			<string>4</string>
			<key>isa</key>
			<string>PBXFileReference</string>
			<key>lastKnownFileType</key>
			<string>sourcecode.swift</string>
			<key>name</key>
			<string>DailyGraphView.swift</string>
			<key>path</key>
			<string>ViewControllers/DailyGraphView.swift</string>
			<key>sourceTree</key>
			<string>&lt;group&gt;</string>
		</dict>
		<key>B54335CB1D87BDC200701050</key>
		<dict>
			<key>fileRef</key>
			<string>B54335CA1D87BDC200701050</string>
			<key>isa</key>
			<string>PBXBuildFile</string>
		</dict>
		<key>B54335CC1D87C21100701050</key>
		<dict>
			<key>children</key>
			<array>
				<string>B5401D3D1D8807FD0015160F</string>
				<string>B54335CF1D87C24200701050</string>
			</array>
			<key>isa</key>
			<string>PBXGroup</string>
			<key>name</key>
			<string>Extensions</string>
			<key>sourceTree</key>
			<string>&lt;group&gt;</string>
		</dict>
		<key>B54335CF1D87C24200701050</key>
		<dict>
			<key>fileEncoding</key>
			<string>4</string>
			<key>isa</key>
			<string>PBXFileReference</string>
			<key>lastKnownFileType</key>
			<string>sourcecode.swift</string>
			<key>name</key>
			<string>ImageExtensions.swift</string>
			<key>path</key>
			<string>Extensions/ImageExtensions.swift</string>
			<key>sourceTree</key>
			<string>&lt;group&gt;</string>
		</dict>
		<key>B54335D01D87C24200701050</key>
		<dict>
			<key>fileRef</key>
			<string>B54335CF1D87C24200701050</string>
			<key>isa</key>
			<string>PBXBuildFile</string>
		</dict>
		<key>D5E93C78DFA125283540E8F8</key>
		<dict>
			<key>buildActionMask</key>
			<string>2147483647</string>
			<key>files</key>
			<array/>
			<key>inputPaths</key>
			<array/>
			<key>isa</key>
			<string>PBXShellScriptBuildPhase</string>
			<key>name</key>
			<string>[CP] Check Pods Manifest.lock</string>
			<key>outputPaths</key>
			<array/>
			<key>runOnlyForDeploymentPostprocessing</key>
			<string>0</string>
			<key>shellPath</key>
			<string>/bin/sh</string>
			<key>shellScript</key>
			<string>diff "${PODS_ROOT}/../Podfile.lock" "${PODS_ROOT}/Manifest.lock" &gt; /dev/null
if [[ $? != 0 ]] ; then
    cat &lt;&lt; EOM
error: The sandbox is not in sync with the Podfile.lock. Run 'pod install' or update your CocoaPods installation.
EOM
    exit 1
fi
</string>
			<key>showEnvVarsInLog</key>
			<string>0</string>
		</dict>
		<key>E0B9FA838774C877C872F630</key>
		<dict>
			<key>includeInIndex</key>
			<string>1</string>
			<key>isa</key>
			<string>PBXFileReference</string>
			<key>lastKnownFileType</key>
			<string>text.xcconfig</string>
			<key>name</key>
			<string>Pods-XWeather.debug.xcconfig</string>
			<key>path</key>
			<string>Pods/Target Support Files/Pods-XWeather/Pods-XWeather.debug.xcconfig</string>
			<key>sourceTree</key>
			<string>&lt;group&gt;</string>
		</dict>
		<key>ED22760AA7CB1FBBD6B2B9B2</key>
		<dict>
			<key>fileRef</key>
			<string>5F314C24115BC4135AD50177</string>
			<key>isa</key>
			<string>PBXBuildFile</string>
		</dict>
	</dict>
	<key>rootObject</key>
	<string>B543357C1D87B9CF00701050</string>
</dict>
</plist>
